// !$*UTF8*$!
{
	archiveVersion = 1;
	classes = {
	};
	objectVersion = 56;
	objects = {

/* Begin PBXBuildFile section */
		120D5D482AA629110024257F /* SnapSound.m4a in Resources */ = {isa = PBXBuildFile; fileRef = 120D5D472AA629110024257F /* SnapSound.m4a */; };
		120D5D4A2AA629350024257F /* Sound.m4a in Resources */ = {isa = PBXBuildFile; fileRef = 120D5D492AA629350024257F /* Sound.m4a */; };
		121D2E032ACE492B00398390 /* AirView.swift in Sources */ = {isa = PBXBuildFile; fileRef = 121D2E022ACE492B00398390 /* AirView.swift */; };
		1237D2DB2AC887C800C80F6B /* ContentView.swift in Sources */ = {isa = PBXBuildFile; fileRef = 1237D2DA2AC887C800C80F6B /* ContentView.swift */; };
		125B9C592AC5C15E00C914CC /* Campfire.mp3 in Resources */ = {isa = PBXBuildFile; fileRef = 125B9C582AC5C15E00C914CC /* Campfire.mp3 */; };
		125B9C5B2AC5C16A00C914CC /* Dream.mp3 in Resources */ = {isa = PBXBuildFile; fileRef = 125B9C5A2AC5C16A00C914CC /* Dream.mp3 */; };
		125B9C5D2AC5C16F00C914CC /* Rain.mp3 in Resources */ = {isa = PBXBuildFile; fileRef = 125B9C5C2AC5C16F00C914CC /* Rain.mp3 */; };
		125B9C5F2AC5C17600C914CC /* Stream.mp3 in Resources */ = {isa = PBXBuildFile; fileRef = 125B9C5E2AC5C17600C914CC /* Stream.mp3 */; };
		12820B032A99A8550054DBFF /* PauseponeApp.swift in Sources */ = {isa = PBXBuildFile; fileRef = 12820B022A99A8550054DBFF /* PauseponeApp.swift */; };
		12820B072A99A8570054DBFF /* Assets.xcassets in Resources */ = {isa = PBXBuildFile; fileRef = 12820B062A99A8570054DBFF /* Assets.xcassets */; };
		12820B0A2A99A8570054DBFF /* Preview Assets.xcassets in Resources */ = {isa = PBXBuildFile; fileRef = 12820B092A99A8570054DBFF /* Preview Assets.xcassets */; };
		12820B112A99A8A60054DBFF /* FocusView.swift in Sources */ = {isa = PBXBuildFile; fileRef = 12820B102A99A8A60054DBFF /* FocusView.swift */; };
		12820B132A99A8AF0054DBFF /* TimerView.swift in Sources */ = {isa = PBXBuildFile; fileRef = 12820B122A99A8AF0054DBFF /* TimerView.swift */; };
		12943F9C2AA05AD30035C146 /* HealthKitManager.swift in Sources */ = {isa = PBXBuildFile; fileRef = 12943F9B2AA05AD30035C146 /* HealthKitManager.swift */; };
		1295D65E2AC8802300034049 /* BreatheView.swift in Sources */ = {isa = PBXBuildFile; fileRef = 1295D65D2AC8802300034049 /* BreatheView.swift */; };
		12A2640B2A9C5A1F00CE0FDD /* Color.swift in Sources */ = {isa = PBXBuildFile; fileRef = 12A2640A2A9C5A1F00CE0FDD /* Color.swift */; };
		12D961392AD491D100CD25D5 /* WidgetKit.framework in Frameworks */ = {isa = PBXBuildFile; fileRef = 120D5D302AA595D90024257F /* WidgetKit.framework */; };
		12D9613A2AD491D100CD25D5 /* SwiftUI.framework in Frameworks */ = {isa = PBXBuildFile; fileRef = 120D5D322AA595D90024257F /* SwiftUI.framework */; };
		12D9613D2AD491D100CD25D5 /* PauseponeWidgetBundle.swift in Sources */ = {isa = PBXBuildFile; fileRef = 12D9613C2AD491D100CD25D5 /* PauseponeWidgetBundle.swift */; };
		12D9613F2AD491D100CD25D5 /* PauseponeWidget.swift in Sources */ = {isa = PBXBuildFile; fileRef = 12D9613E2AD491D100CD25D5 /* PauseponeWidget.swift */; };
		12D961412AD491D300CD25D5 /* Assets.xcassets in Resources */ = {isa = PBXBuildFile; fileRef = 12D961402AD491D300CD25D5 /* Assets.xcassets */; };
		12D961452AD491D300CD25D5 /* PauseponeWidgetExtension.appex in Embed Foundation Extensions */ = {isa = PBXBuildFile; fileRef = 12D961382AD491D100CD25D5 /* PauseponeWidgetExtension.appex */; settings = {ATTRIBUTES = (RemoveHeadersOnCopy, ); }; };
		12DC4F0F2AA31064001AF2C5 /* NotificationManager.swift in Sources */ = {isa = PBXBuildFile; fileRef = 12DC4F0E2AA31064001AF2C5 /* NotificationManager.swift */; };
		12EE756F2AD0916000521CFA /* BreatheOut.m4a in Resources */ = {isa = PBXBuildFile; fileRef = 12EE756E2AD0916000521CFA /* BreatheOut.m4a */; };
		12EE75712AD0981C00521CFA /* BreatheIn.m4a in Resources */ = {isa = PBXBuildFile; fileRef = 12EE75702AD0981C00521CFA /* BreatheIn.m4a */; };
		12F1D9612A9DA38600E047AF /* SettingsView.swift in Sources */ = {isa = PBXBuildFile; fileRef = 12F1D9602A9DA38600E047AF /* SettingsView.swift */; };
/* End PBXBuildFile section */

/* Begin PBXContainerItemProxy section */
		12D961432AD491D300CD25D5 /* PBXContainerItemProxy */ = {
			isa = PBXContainerItemProxy;
			containerPortal = 12820AF72A99A8550054DBFF /* Project object */;
			proxyType = 1;
			remoteGlobalIDString = 12D961372AD491D100CD25D5;
			remoteInfo = PauseponeWidgetExtension;
		};
/* End PBXContainerItemProxy section */

/* Begin PBXCopyFilesBuildPhase section */
		120D5D3F2AA595DA0024257F /* Embed Foundation Extensions */ = {
			isa = PBXCopyFilesBuildPhase;
			buildActionMask = 2147483647;
			dstPath = "";
			dstSubfolderSpec = 13;
			files = (
				12D961452AD491D300CD25D5 /* PauseponeWidgetExtension.appex in Embed Foundation Extensions */,
			);
			name = "Embed Foundation Extensions";
			runOnlyForDeploymentPostprocessing = 0;
		};
/* End PBXCopyFilesBuildPhase section */

/* Begin PBXFileReference section */
		120D5D302AA595D90024257F /* WidgetKit.framework */ = {isa = PBXFileReference; lastKnownFileType = wrapper.framework; name = WidgetKit.framework; path = System/Library/Frameworks/WidgetKit.framework; sourceTree = SDKROOT; };
		120D5D322AA595D90024257F /* SwiftUI.framework */ = {isa = PBXFileReference; lastKnownFileType = wrapper.framework; name = SwiftUI.framework; path = System/Library/Frameworks/SwiftUI.framework; sourceTree = SDKROOT; };
		120D5D472AA629110024257F /* SnapSound.m4a */ = {isa = PBXFileReference; lastKnownFileType = file; path = SnapSound.m4a; sourceTree = "<group>"; };
		120D5D492AA629350024257F /* Sound.m4a */ = {isa = PBXFileReference; lastKnownFileType = file; path = Sound.m4a; sourceTree = "<group>"; };
		121D2E022ACE492B00398390 /* AirView.swift */ = {isa = PBXFileReference; lastKnownFileType = sourcecode.swift; path = AirView.swift; sourceTree = "<group>"; };
		1237D2DA2AC887C800C80F6B /* ContentView.swift */ = {isa = PBXFileReference; lastKnownFileType = sourcecode.swift; path = ContentView.swift; sourceTree = "<group>"; };
		125B9C582AC5C15E00C914CC /* Campfire.mp3 */ = {isa = PBXFileReference; lastKnownFileType = audio.mp3; path = Campfire.mp3; sourceTree = "<group>"; };
		125B9C5A2AC5C16A00C914CC /* Dream.mp3 */ = {isa = PBXFileReference; lastKnownFileType = audio.mp3; path = Dream.mp3; sourceTree = "<group>"; };
		125B9C5C2AC5C16F00C914CC /* Rain.mp3 */ = {isa = PBXFileReference; lastKnownFileType = audio.mp3; path = Rain.mp3; sourceTree = "<group>"; };
		125B9C5E2AC5C17600C914CC /* Stream.mp3 */ = {isa = PBXFileReference; lastKnownFileType = audio.mp3; path = Stream.mp3; sourceTree = "<group>"; };
		12820AFF2A99A8550054DBFF /* Pausepone.app */ = {isa = PBXFileReference; explicitFileType = wrapper.application; includeInIndex = 0; path = Pausepone.app; sourceTree = BUILT_PRODUCTS_DIR; };
		12820B022A99A8550054DBFF /* PauseponeApp.swift */ = {isa = PBXFileReference; lastKnownFileType = sourcecode.swift; path = PauseponeApp.swift; sourceTree = "<group>"; };
		12820B062A99A8570054DBFF /* Assets.xcassets */ = {isa = PBXFileReference; lastKnownFileType = folder.assetcatalog; path = Assets.xcassets; sourceTree = "<group>"; };
		12820B092A99A8570054DBFF /* Preview Assets.xcassets */ = {isa = PBXFileReference; lastKnownFileType = folder.assetcatalog; path = "Preview Assets.xcassets"; sourceTree = "<group>"; };
		12820B102A99A8A60054DBFF /* FocusView.swift */ = {isa = PBXFileReference; lastKnownFileType = sourcecode.swift; path = FocusView.swift; sourceTree = "<group>"; };
		12820B122A99A8AF0054DBFF /* TimerView.swift */ = {isa = PBXFileReference; lastKnownFileType = sourcecode.swift; path = TimerView.swift; sourceTree = "<group>"; };
		12943F9A2AA055420035C146 /* Pausepone.entitlements */ = {isa = PBXFileReference; lastKnownFileType = text.plist.entitlements; path = Pausepone.entitlements; sourceTree = "<group>"; };
		12943F9B2AA05AD30035C146 /* HealthKitManager.swift */ = {isa = PBXFileReference; lastKnownFileType = sourcecode.swift; path = HealthKitManager.swift; sourceTree = "<group>"; };
		12943FA02AA05FFE0035C146 /* Info.plist */ = {isa = PBXFileReference; lastKnownFileType = text.plist; path = Info.plist; sourceTree = "<group>"; };
		1295D65D2AC8802300034049 /* BreatheView.swift */ = {isa = PBXFileReference; lastKnownFileType = sourcecode.swift; path = BreatheView.swift; sourceTree = "<group>"; };
		12A2640A2A9C5A1F00CE0FDD /* Color.swift */ = {isa = PBXFileReference; lastKnownFileType = sourcecode.swift; path = Color.swift; sourceTree = "<group>"; };
		12D961382AD491D100CD25D5 /* PauseponeWidgetExtension.appex */ = {isa = PBXFileReference; explicitFileType = "wrapper.app-extension"; includeInIndex = 0; path = PauseponeWidgetExtension.appex; sourceTree = BUILT_PRODUCTS_DIR; };
		12D9613C2AD491D100CD25D5 /* PauseponeWidgetBundle.swift */ = {isa = PBXFileReference; lastKnownFileType = sourcecode.swift; path = PauseponeWidgetBundle.swift; sourceTree = "<group>"; };
		12D9613E2AD491D100CD25D5 /* PauseponeWidget.swift */ = {isa = PBXFileReference; lastKnownFileType = sourcecode.swift; path = PauseponeWidget.swift; sourceTree = "<group>"; };
		12D961402AD491D300CD25D5 /* Assets.xcassets */ = {isa = PBXFileReference; lastKnownFileType = folder.assetcatalog; path = Assets.xcassets; sourceTree = "<group>"; };
		12D961422AD491D300CD25D5 /* Info.plist */ = {isa = PBXFileReference; lastKnownFileType = text.plist.xml; path = Info.plist; sourceTree = "<group>"; };
		12DC4F0E2AA31064001AF2C5 /* NotificationManager.swift */ = {isa = PBXFileReference; lastKnownFileType = sourcecode.swift; path = NotificationManager.swift; sourceTree = "<group>"; };
		12EE756E2AD0916000521CFA /* BreatheOut.m4a */ = {isa = PBXFileReference; lastKnownFileType = file; name = BreatheOut.m4a; path = ../../../../../Downloads/BreatheOut.m4a; sourceTree = "<group>"; };
		12EE75702AD0981C00521CFA /* BreatheIn.m4a */ = {isa = PBXFileReference; lastKnownFileType = file; name = BreatheIn.m4a; path = ../../../../../Downloads/BreatheIn.m4a; sourceTree = "<group>"; };
		12F1D9602A9DA38600E047AF /* SettingsView.swift */ = {isa = PBXFileReference; lastKnownFileType = sourcecode.swift; path = SettingsView.swift; sourceTree = "<group>"; };
/* End PBXFileReference section */

/* Begin PBXFrameworksBuildPhase section */
		12820AFC2A99A8550054DBFF /* Frameworks */ = {
			isa = PBXFrameworksBuildPhase;
			buildActionMask = 2147483647;
			files = (
			);
			runOnlyForDeploymentPostprocessing = 0;
		};
		12D961352AD491D100CD25D5 /* Frameworks */ = {
			isa = PBXFrameworksBuildPhase;
			buildActionMask = 2147483647;
			files = (
				12D9613A2AD491D100CD25D5 /* SwiftUI.framework in Frameworks */,
				12D961392AD491D100CD25D5 /* WidgetKit.framework in Frameworks */,
			);
			runOnlyForDeploymentPostprocessing = 0;
		};
/* End PBXFrameworksBuildPhase section */

/* Begin PBXGroup section */
		120D5D2F2AA595D90024257F /* Frameworks */ = {
			isa = PBXGroup;
			children = (
				120D5D302AA595D90024257F /* WidgetKit.framework */,
				120D5D322AA595D90024257F /* SwiftUI.framework */,
			);
			name = Frameworks;
			sourceTree = "<group>";
		};
		12820AF62A99A8550054DBFF = {
			isa = PBXGroup;
			children = (
				12820B012A99A8550054DBFF /* Pausepone */,
				12D9613B2AD491D100CD25D5 /* PauseponeWidget */,
				120D5D2F2AA595D90024257F /* Frameworks */,
				12820B002A99A8550054DBFF /* Products */,
			);
			sourceTree = "<group>";
		};
		12820B002A99A8550054DBFF /* Products */ = {
			isa = PBXGroup;
			children = (
				12820AFF2A99A8550054DBFF /* Pausepone.app */,
				12D961382AD491D100CD25D5 /* PauseponeWidgetExtension.appex */,
			);
			name = Products;
			sourceTree = "<group>";
		};
		12820B012A99A8550054DBFF /* Pausepone */ = {
			isa = PBXGroup;
			children = (
				12943FA02AA05FFE0035C146 /* Info.plist */,
				12943F9A2AA055420035C146 /* Pausepone.entitlements */,
				12820B022A99A8550054DBFF /* PauseponeApp.swift */,
				1237D2DA2AC887C800C80F6B /* ContentView.swift */,
				12820B102A99A8A60054DBFF /* FocusView.swift */,
				1295D65D2AC8802300034049 /* BreatheView.swift */,
				121D2E022ACE492B00398390 /* AirView.swift */,
				12820B122A99A8AF0054DBFF /* TimerView.swift */,
				12F1D9602A9DA38600E047AF /* SettingsView.swift */,
				12943F9B2AA05AD30035C146 /* HealthKitManager.swift */,
				12DC4F0E2AA31064001AF2C5 /* NotificationManager.swift */,
				12A2640A2A9C5A1F00CE0FDD /* Color.swift */,
				12820B062A99A8570054DBFF /* Assets.xcassets */,
				12943F8D2A9FAEDB0035C146 /* Sounds */,
				12820B082A99A8570054DBFF /* Preview Content */,
			);
			path = Pausepone;
			sourceTree = "<group>";
		};
		12820B082A99A8570054DBFF /* Preview Content */ = {
			isa = PBXGroup;
			children = (
				12820B092A99A8570054DBFF /* Preview Assets.xcassets */,
			);
			path = "Preview Content";
			sourceTree = "<group>";
		};
		12943F8D2A9FAEDB0035C146 /* Sounds */ = {
			isa = PBXGroup;
			children = (
				12EE756E2AD0916000521CFA /* BreatheOut.m4a */,
				12EE75702AD0981C00521CFA /* BreatheIn.m4a */,
				125B9C582AC5C15E00C914CC /* Campfire.mp3 */,
				125B9C5A2AC5C16A00C914CC /* Dream.mp3 */,
				125B9C5C2AC5C16F00C914CC /* Rain.mp3 */,
				125B9C5E2AC5C17600C914CC /* Stream.mp3 */,
				120D5D472AA629110024257F /* SnapSound.m4a */,
				120D5D492AA629350024257F /* Sound.m4a */,
			);
			path = Sounds;
			sourceTree = "<group>";
		};
		12D9613B2AD491D100CD25D5 /* PauseponeWidget */ = {
			isa = PBXGroup;
			children = (
				12D9613C2AD491D100CD25D5 /* PauseponeWidgetBundle.swift */,
				12D9613E2AD491D100CD25D5 /* PauseponeWidget.swift */,
				12D961402AD491D300CD25D5 /* Assets.xcassets */,
				12D961422AD491D300CD25D5 /* Info.plist */,
			);
			path = PauseponeWidget;
			sourceTree = "<group>";
		};
/* End PBXGroup section */

/* Begin PBXNativeTarget section */
		12820AFE2A99A8550054DBFF /* Pausepone */ = {
			isa = PBXNativeTarget;
			buildConfigurationList = 12820B0D2A99A8570054DBFF /* Build configuration list for PBXNativeTarget "Pausepone" */;
			buildPhases = (
				12820AFB2A99A8550054DBFF /* Sources */,
				12820AFC2A99A8550054DBFF /* Frameworks */,
				12820AFD2A99A8550054DBFF /* Resources */,
				120D5D3F2AA595DA0024257F /* Embed Foundation Extensions */,
			);
			buildRules = (
			);
			dependencies = (
				12D961442AD491D300CD25D5 /* PBXTargetDependency */,
			);
			name = Pausepone;
			productName = MindfulPause;
			productReference = 12820AFF2A99A8550054DBFF /* Pausepone.app */;
			productType = "com.apple.product-type.application";
		};
		12D961372AD491D100CD25D5 /* PauseponeWidgetExtension */ = {
			isa = PBXNativeTarget;
			buildConfigurationList = 12D961462AD491D300CD25D5 /* Build configuration list for PBXNativeTarget "PauseponeWidgetExtension" */;
			buildPhases = (
				12D961342AD491D100CD25D5 /* Sources */,
				12D961352AD491D100CD25D5 /* Frameworks */,
				12D961362AD491D100CD25D5 /* Resources */,
			);
			buildRules = (
			);
			dependencies = (
			);
			name = PauseponeWidgetExtension;
			productName = PauseponeWidgetExtension;
			productReference = 12D961382AD491D100CD25D5 /* PauseponeWidgetExtension.appex */;
			productType = "com.apple.product-type.app-extension";
		};
/* End PBXNativeTarget section */

/* Begin PBXProject section */
		12820AF72A99A8550054DBFF /* Project object */ = {
			isa = PBXProject;
			attributes = {
				BuildIndependentTargetsInParallel = 1;
				LastSwiftUpdateCheck = 1500;
				LastUpgradeCheck = 1500;
				TargetAttributes = {
					12820AFE2A99A8550054DBFF = {
						CreatedOnToolsVersion = 15.0;
					};
					12D961372AD491D100CD25D5 = {
						CreatedOnToolsVersion = 15.0;
					};
				};
			};
			buildConfigurationList = 12820AFA2A99A8550054DBFF /* Build configuration list for PBXProject "Pausepone" */;
			compatibilityVersion = "Xcode 14.0";
			developmentRegion = en;
			hasScannedForEncodings = 0;
			knownRegions = (
				en,
				Base,
			);
			mainGroup = 12820AF62A99A8550054DBFF;
			productRefGroup = 12820B002A99A8550054DBFF /* Products */;
			projectDirPath = "";
			projectRoot = "";
			targets = (
				12820AFE2A99A8550054DBFF /* Pausepone */,
				12D961372AD491D100CD25D5 /* PauseponeWidgetExtension */,
			);
		};
/* End PBXProject section */

/* Begin PBXResourcesBuildPhase section */
		12820AFD2A99A8550054DBFF /* Resources */ = {
			isa = PBXResourcesBuildPhase;
			buildActionMask = 2147483647;
			files = (
				12820B0A2A99A8570054DBFF /* Preview Assets.xcassets in Resources */,
				12EE75712AD0981C00521CFA /* BreatheIn.m4a in Resources */,
				120D5D4A2AA629350024257F /* Sound.m4a in Resources */,
				125B9C5D2AC5C16F00C914CC /* Rain.mp3 in Resources */,
				125B9C5B2AC5C16A00C914CC /* Dream.mp3 in Resources */,
				125B9C5F2AC5C17600C914CC /* Stream.mp3 in Resources */,
				125B9C592AC5C15E00C914CC /* Campfire.mp3 in Resources */,
				12820B072A99A8570054DBFF /* Assets.xcassets in Resources */,
				120D5D482AA629110024257F /* SnapSound.m4a in Resources */,
				12EE756F2AD0916000521CFA /* BreatheOut.m4a in Resources */,
			);
			runOnlyForDeploymentPostprocessing = 0;
		};
		12D961362AD491D100CD25D5 /* Resources */ = {
			isa = PBXResourcesBuildPhase;
			buildActionMask = 2147483647;
			files = (
				12D961412AD491D300CD25D5 /* Assets.xcassets in Resources */,
			);
			runOnlyForDeploymentPostprocessing = 0;
		};
/* End PBXResourcesBuildPhase section */

/* Begin PBXSourcesBuildPhase section */
		12820AFB2A99A8550054DBFF /* Sources */ = {
			isa = PBXSourcesBuildPhase;
			buildActionMask = 2147483647;
			files = (
				12F1D9612A9DA38600E047AF /* SettingsView.swift in Sources */,
				12820B032A99A8550054DBFF /* PauseponeApp.swift in Sources */,
				1295D65E2AC8802300034049 /* BreatheView.swift in Sources */,
				12943F9C2AA05AD30035C146 /* HealthKitManager.swift in Sources */,
				12A2640B2A9C5A1F00CE0FDD /* Color.swift in Sources */,
				121D2E032ACE492B00398390 /* AirView.swift in Sources */,
				1237D2DB2AC887C800C80F6B /* ContentView.swift in Sources */,
				12DC4F0F2AA31064001AF2C5 /* NotificationManager.swift in Sources */,
				12820B132A99A8AF0054DBFF /* TimerView.swift in Sources */,
				12820B112A99A8A60054DBFF /* FocusView.swift in Sources */,
			);
			runOnlyForDeploymentPostprocessing = 0;
		};
		12D961342AD491D100CD25D5 /* Sources */ = {
			isa = PBXSourcesBuildPhase;
			buildActionMask = 2147483647;
			files = (
				12D9613F2AD491D100CD25D5 /* PauseponeWidget.swift in Sources */,
				12D9613D2AD491D100CD25D5 /* PauseponeWidgetBundle.swift in Sources */,
			);
			runOnlyForDeploymentPostprocessing = 0;
		};
/* End PBXSourcesBuildPhase section */

/* Begin PBXTargetDependency section */
		12D961442AD491D300CD25D5 /* PBXTargetDependency */ = {
			isa = PBXTargetDependency;
			target = 12D961372AD491D100CD25D5 /* PauseponeWidgetExtension */;
			targetProxy = 12D961432AD491D300CD25D5 /* PBXContainerItemProxy */;
		};
/* End PBXTargetDependency section */

/* Begin XCBuildConfiguration section */
		12820B0B2A99A8570054DBFF /* Debug */ = {
			isa = XCBuildConfiguration;
			buildSettings = {
				ALWAYS_SEARCH_USER_PATHS = NO;
				ASSETCATALOG_COMPILER_GENERATE_SWIFT_ASSET_SYMBOL_EXTENSIONS = YES;
				CLANG_ANALYZER_NONNULL = YES;
				CLANG_ANALYZER_NUMBER_OBJECT_CONVERSION = YES_AGGRESSIVE;
				CLANG_CXX_LANGUAGE_STANDARD = "gnu++20";
				CLANG_ENABLE_MODULES = YES;
				CLANG_ENABLE_OBJC_ARC = YES;
				CLANG_ENABLE_OBJC_WEAK = YES;
				CLANG_WARN_BLOCK_CAPTURE_AUTORELEASING = YES;
				CLANG_WARN_BOOL_CONVERSION = YES;
				CLANG_WARN_COMMA = YES;
				CLANG_WARN_CONSTANT_CONVERSION = YES;
				CLANG_WARN_DEPRECATED_OBJC_IMPLEMENTATIONS = YES;
				CLANG_WARN_DIRECT_OBJC_ISA_USAGE = YES_ERROR;
				CLANG_WARN_DOCUMENTATION_COMMENTS = YES;
				CLANG_WARN_EMPTY_BODY = YES;
				CLANG_WARN_ENUM_CONVERSION = YES;
				CLANG_WARN_INFINITE_RECURSION = YES;
				CLANG_WARN_INT_CONVERSION = YES;
				CLANG_WARN_NON_LITERAL_NULL_CONVERSION = YES;
				CLANG_WARN_OBJC_IMPLICIT_RETAIN_SELF = YES;
				CLANG_WARN_OBJC_LITERAL_CONVERSION = YES;
				CLANG_WARN_OBJC_ROOT_CLASS = YES_ERROR;
				CLANG_WARN_QUOTED_INCLUDE_IN_FRAMEWORK_HEADER = YES;
				CLANG_WARN_RANGE_LOOP_ANALYSIS = YES;
				CLANG_WARN_STRICT_PROTOTYPES = YES;
				CLANG_WARN_SUSPICIOUS_MOVE = YES;
				CLANG_WARN_UNGUARDED_AVAILABILITY = YES_AGGRESSIVE;
				CLANG_WARN_UNREACHABLE_CODE = YES;
				CLANG_WARN__DUPLICATE_METHOD_MATCH = YES;
				COPY_PHASE_STRIP = NO;
				DEBUG_INFORMATION_FORMAT = dwarf;
				ENABLE_STRICT_OBJC_MSGSEND = YES;
				ENABLE_TESTABILITY = YES;
				ENABLE_USER_SCRIPT_SANDBOXING = YES;
				GCC_C_LANGUAGE_STANDARD = gnu17;
				GCC_DYNAMIC_NO_PIC = NO;
				GCC_NO_COMMON_BLOCKS = YES;
				GCC_OPTIMIZATION_LEVEL = 0;
				GCC_PREPROCESSOR_DEFINITIONS = (
					"DEBUG=1",
					"$(inherited)",
				);
				GCC_WARN_64_TO_32_BIT_CONVERSION = YES;
				GCC_WARN_ABOUT_RETURN_TYPE = YES_ERROR;
				GCC_WARN_UNDECLARED_SELECTOR = YES;
				GCC_WARN_UNINITIALIZED_AUTOS = YES_AGGRESSIVE;
				GCC_WARN_UNUSED_FUNCTION = YES;
				GCC_WARN_UNUSED_VARIABLE = YES;
				IPHONEOS_DEPLOYMENT_TARGET = 16.1;
				LOCALIZATION_PREFERS_STRING_CATALOGS = YES;
				MTL_ENABLE_DEBUG_INFO = INCLUDE_SOURCE;
				MTL_FAST_MATH = YES;
				ONLY_ACTIVE_ARCH = YES;
				SDKROOT = iphoneos;
				SWIFT_ACTIVE_COMPILATION_CONDITIONS = "DEBUG $(inherited)";
				SWIFT_OPTIMIZATION_LEVEL = "-Onone";
			};
			name = Debug;
		};
		12820B0C2A99A8570054DBFF /* Release */ = {
			isa = XCBuildConfiguration;
			buildSettings = {
				ALWAYS_SEARCH_USER_PATHS = NO;
				ASSETCATALOG_COMPILER_GENERATE_SWIFT_ASSET_SYMBOL_EXTENSIONS = YES;
				CLANG_ANALYZER_NONNULL = YES;
				CLANG_ANALYZER_NUMBER_OBJECT_CONVERSION = YES_AGGRESSIVE;
				CLANG_CXX_LANGUAGE_STANDARD = "gnu++20";
				CLANG_ENABLE_MODULES = YES;
				CLANG_ENABLE_OBJC_ARC = YES;
				CLANG_ENABLE_OBJC_WEAK = YES;
				CLANG_WARN_BLOCK_CAPTURE_AUTORELEASING = YES;
				CLANG_WARN_BOOL_CONVERSION = YES;
				CLANG_WARN_COMMA = YES;
				CLANG_WARN_CONSTANT_CONVERSION = YES;
				CLANG_WARN_DEPRECATED_OBJC_IMPLEMENTATIONS = YES;
				CLANG_WARN_DIRECT_OBJC_ISA_USAGE = YES_ERROR;
				CLANG_WARN_DOCUMENTATION_COMMENTS = YES;
				CLANG_WARN_EMPTY_BODY = YES;
				CLANG_WARN_ENUM_CONVERSION = YES;
				CLANG_WARN_INFINITE_RECURSION = YES;
				CLANG_WARN_INT_CONVERSION = YES;
				CLANG_WARN_NON_LITERAL_NULL_CONVERSION = YES;
				CLANG_WARN_OBJC_IMPLICIT_RETAIN_SELF = YES;
				CLANG_WARN_OBJC_LITERAL_CONVERSION = YES;
				CLANG_WARN_OBJC_ROOT_CLASS = YES_ERROR;
				CLANG_WARN_QUOTED_INCLUDE_IN_FRAMEWORK_HEADER = YES;
				CLANG_WARN_RANGE_LOOP_ANALYSIS = YES;
				CLANG_WARN_STRICT_PROTOTYPES = YES;
				CLANG_WARN_SUSPICIOUS_MOVE = YES;
				CLANG_WARN_UNGUARDED_AVAILABILITY = YES_AGGRESSIVE;
				CLANG_WARN_UNREACHABLE_CODE = YES;
				CLANG_WARN__DUPLICATE_METHOD_MATCH = YES;
				COPY_PHASE_STRIP = NO;
				DEBUG_INFORMATION_FORMAT = "dwarf-with-dsym";
				ENABLE_NS_ASSERTIONS = NO;
				ENABLE_STRICT_OBJC_MSGSEND = YES;
				ENABLE_USER_SCRIPT_SANDBOXING = YES;
				GCC_C_LANGUAGE_STANDARD = gnu17;
				GCC_NO_COMMON_BLOCKS = YES;
				GCC_WARN_64_TO_32_BIT_CONVERSION = YES;
				GCC_WARN_ABOUT_RETURN_TYPE = YES_ERROR;
				GCC_WARN_UNDECLARED_SELECTOR = YES;
				GCC_WARN_UNINITIALIZED_AUTOS = YES_AGGRESSIVE;
				GCC_WARN_UNUSED_FUNCTION = YES;
				GCC_WARN_UNUSED_VARIABLE = YES;
				IPHONEOS_DEPLOYMENT_TARGET = 16.1;
				LOCALIZATION_PREFERS_STRING_CATALOGS = YES;
				MTL_ENABLE_DEBUG_INFO = NO;
				MTL_FAST_MATH = YES;
				SDKROOT = iphoneos;
				SWIFT_COMPILATION_MODE = wholemodule;
				VALIDATE_PRODUCT = YES;
			};
			name = Release;
		};
		12820B0E2A99A8570054DBFF /* Debug */ = {
			isa = XCBuildConfiguration;
			buildSettings = {
				ALWAYS_EMBED_SWIFT_STANDARD_LIBRARIES = YES;
				ASSETCATALOG_COMPILER_APPICON_NAME = AppIcon;
				ASSETCATALOG_COMPILER_GLOBAL_ACCENT_COLOR_NAME = AccentColor;
				CODE_SIGN_ENTITLEMENTS = Pausepone/Pausepone.entitlements;
				CODE_SIGN_IDENTITY = "Apple Development";
				CODE_SIGN_STYLE = Automatic;
				CURRENT_PROJECT_VERSION = 1;
				DEVELOPMENT_ASSET_PATHS = "\"Pausepone/Preview Content\"";
				DEVELOPMENT_TEAM = TQ579GB38P;
				ENABLE_PREVIEWS = YES;
				GENERATE_INFOPLIST_FILE = YES;
				INFOPLIST_FILE = Pausepone/Info.plist;
				INFOPLIST_KEY_CFBundleDisplayName = LockedIn;
				INFOPLIST_KEY_LSApplicationCategoryType = "public.app-category.productivity";
				INFOPLIST_KEY_NSHealthShareUsageDescription = "Please allow access to let Pausepone to save your Pause duration to Mindful Minutes in Apple Health.";
				INFOPLIST_KEY_NSHealthUpdateUsageDescription = "Pausepone will save the duration of your Pause to Mindful Minutes in Apple Health.";
				INFOPLIST_KEY_UIApplicationSceneManifest_Generation = YES;
				INFOPLIST_KEY_UIApplicationSupportsIndirectInputEvents = YES;
				INFOPLIST_KEY_UILaunchScreen_Generation = YES;
				INFOPLIST_KEY_UISupportedInterfaceOrientations = UIInterfaceOrientationPortrait;
				INFOPLIST_KEY_UISupportedInterfaceOrientations_iPad = "UIInterfaceOrientationLandscapeLeft UIInterfaceOrientationLandscapeRight UIInterfaceOrientationPortrait UIInterfaceOrientationPortraitUpsideDown";
				IPHONEOS_DEPLOYMENT_TARGET = 16.1;
				LD_RUNPATH_SEARCH_PATHS = (
					"$(inherited)",
					"@executable_path/Frameworks",
				);
				MARKETING_VERSION = 1.20;
				PRODUCT_BUNDLE_IDENTIFIER = com.matsvei.MindfulPause;
				PRODUCT_NAME = "$(TARGET_NAME)";
				PROVISIONING_PROFILE_SPECIFIER = "";
				SWIFT_EMIT_LOC_STRINGS = YES;
				SWIFT_VERSION = 5.0;
				TARGETED_DEVICE_FAMILY = 1;
			};
			name = Debug;
		};
		12820B0F2A99A8570054DBFF /* Release */ = {
			isa = XCBuildConfiguration;
			buildSettings = {
				ALWAYS_EMBED_SWIFT_STANDARD_LIBRARIES = YES;
				ASSETCATALOG_COMPILER_APPICON_NAME = AppIcon;
				ASSETCATALOG_COMPILER_GLOBAL_ACCENT_COLOR_NAME = AccentColor;
				CODE_SIGN_ENTITLEMENTS = Pausepone/Pausepone.entitlements;
				CODE_SIGN_IDENTITY = "Apple Development";
				CODE_SIGN_STYLE = Automatic;
				CURRENT_PROJECT_VERSION = 1;
				DEVELOPMENT_ASSET_PATHS = "\"Pausepone/Preview Content\"";
				DEVELOPMENT_TEAM = TQ579GB38P;
				ENABLE_PREVIEWS = YES;
				GENERATE_INFOPLIST_FILE = YES;
				INFOPLIST_FILE = Pausepone/Info.plist;
				INFOPLIST_KEY_CFBundleDisplayName = LockedIn;
				INFOPLIST_KEY_LSApplicationCategoryType = "public.app-category.productivity";
				INFOPLIST_KEY_NSHealthShareUsageDescription = "Please allow access to let Pausepone to save your Pause duration to Mindful Minutes in Apple Health.";
				INFOPLIST_KEY_NSHealthUpdateUsageDescription = "Pausepone will save the duration of your Pause to Mindful Minutes in Apple Health.";
				INFOPLIST_KEY_UIApplicationSceneManifest_Generation = YES;
				INFOPLIST_KEY_UIApplicationSupportsIndirectInputEvents = YES;
				INFOPLIST_KEY_UILaunchScreen_Generation = YES;
				INFOPLIST_KEY_UISupportedInterfaceOrientations = UIInterfaceOrientationPortrait;
				INFOPLIST_KEY_UISupportedInterfaceOrientations_iPad = "UIInterfaceOrientationLandscapeLeft UIInterfaceOrientationLandscapeRight UIInterfaceOrientationPortrait UIInterfaceOrientationPortraitUpsideDown";
				IPHONEOS_DEPLOYMENT_TARGET = 16.1;
				LD_RUNPATH_SEARCH_PATHS = (
					"$(inherited)",
					"@executable_path/Frameworks",
				);
				MARKETING_VERSION = 1.20;
				PRODUCT_BUNDLE_IDENTIFIER = com.matsvei.MindfulPause;
				PRODUCT_NAME = "$(TARGET_NAME)";
				PROVISIONING_PROFILE_SPECIFIER = "";
				SWIFT_EMIT_LOC_STRINGS = YES;
				SWIFT_VERSION = 5.0;
				TARGETED_DEVICE_FAMILY = 1;
			};
			name = Release;
		};
		12D961472AD491D300CD25D5 /* Debug */ = {
			isa = XCBuildConfiguration;
			buildSettings = {
				ASSETCATALOG_COMPILER_GLOBAL_ACCENT_COLOR_NAME = AccentColor;
				ASSETCATALOG_COMPILER_WIDGET_BACKGROUND_COLOR_NAME = WidgetBackground;
				CODE_SIGN_IDENTITY = "Apple Development";
				CODE_SIGN_STYLE = Automatic;
				CURRENT_PROJECT_VERSION = 1;
				DEVELOPMENT_TEAM = TQ579GB38P;
				GENERATE_INFOPLIST_FILE = YES;
				INFOPLIST_FILE = PauseponeWidget/Info.plist;
				INFOPLIST_KEY_CFBundleDisplayName = PauseponeWidget;
				INFOPLIST_KEY_NSHumanReadableCopyright = "";
				IPHONEOS_DEPLOYMENT_TARGET = 16.1;
				LD_RUNPATH_SEARCH_PATHS = (
					"$(inherited)",
					"@executable_path/Frameworks",
					"@executable_path/../../Frameworks",
				);
				MARKETING_VERSION = 1.20;
				PRODUCT_BUNDLE_IDENTIFIER = com.matsvei.MindfulPause.PauseponeWidget;
				PRODUCT_NAME = "$(TARGET_NAME)";
				SKIP_INSTALL = YES;
				SWIFT_EMIT_LOC_STRINGS = YES;
				SWIFT_VERSION = 5.0;
				TARGETED_DEVICE_FAMILY = "1,2";
			};
			name = Debug;
		};
		12D961482AD491D300CD25D5 /* Release */ = {
			isa = XCBuildConfiguration;
			buildSettings = {
				ASSETCATALOG_COMPILER_GLOBAL_ACCENT_COLOR_NAME = AccentColor;
				ASSETCATALOG_COMPILER_WIDGET_BACKGROUND_COLOR_NAME = WidgetBackground;
				CODE_SIGN_IDENTITY = "Apple Development";
				CODE_SIGN_STYLE = Automatic;
				CURRENT_PROJECT_VERSION = 1;
				DEVELOPMENT_TEAM = TQ579GB38P;
				GENERATE_INFOPLIST_FILE = YES;
				INFOPLIST_FILE = PauseponeWidget/Info.plist;
				INFOPLIST_KEY_CFBundleDisplayName = PauseponeWidget;
				INFOPLIST_KEY_NSHumanReadableCopyright = "";
				IPHONEOS_DEPLOYMENT_TARGET = 16.1;
				LD_RUNPATH_SEARCH_PATHS = (
					"$(inherited)",
					"@executable_path/Frameworks",
					"@executable_path/../../Frameworks",
				);
				MARKETING_VERSION = 1.20;
				PRODUCT_BUNDLE_IDENTIFIER = com.matsvei.MindfulPause.PauseponeWidget;
				PRODUCT_NAME = "$(TARGET_NAME)";
				SKIP_INSTALL = YES;
				SWIFT_EMIT_LOC_STRINGS = YES;
				SWIFT_VERSION = 5.0;
				TARGETED_DEVICE_FAMILY = "1,2";
			};
			name = Release;
		};
/* End XCBuildConfiguration section */

/* Begin XCConfigurationList section */
		12820AFA2A99A8550054DBFF /* Build configuration list for PBXProject "Pausepone" */ = {
			isa = XCConfigurationList;
			buildConfigurations = (
				12820B0B2A99A8570054DBFF /* Debug */,
				12820B0C2A99A8570054DBFF /* Release */,
			);
			defaultConfigurationIsVisible = 0;
			defaultConfigurationName = Release;
		};
		12820B0D2A99A8570054DBFF /* Build configuration list for PBXNativeTarget "Pausepone" */ = {
			isa = XCConfigurationList;
			buildConfigurations = (
				12820B0E2A99A8570054DBFF /* Debug */,
				12820B0F2A99A8570054DBFF /* Release */,
			);
			defaultConfigurationIsVisible = 0;
			defaultConfigurationName = Release;
		};
		12D961462AD491D300CD25D5 /* Build configuration list for PBXNativeTarget "PauseponeWidgetExtension" */ = {
			isa = XCConfigurationList;
			buildConfigurations = (
				12D961472AD491D300CD25D5 /* Debug */,
				12D961482AD491D300CD25D5 /* Release */,
			);
			defaultConfigurationIsVisible = 0;
			defaultConfigurationName = Release;
		};
/* End XCConfigurationList section */
	};
	rootObject = 12820AF72A99A8550054DBFF /* Project object */;
}
