// !$*UTF8*$!
{
	archiveVersion = 1;
	classes = {
	};
	objectVersion = 56;
	objects = {

/* Begin PBXBuildFile section */
		120D5D482AA629110024257F /* SnapBackSound.m4a in Resources */ = {isa = PBXBuildFile; fileRef = 120D5D472AA629110024257F /* SnapBackSound.m4a */; };
		120D5D4A2AA629350024257F /* Sound.m4a in Resources */ = {isa = PBXBuildFile; fileRef = 120D5D492AA629350024257F /* Sound.m4a */; };
		12820B032A99A8550054DBFF /* MindfulPauseApp.swift in Sources */ = {isa = PBXBuildFile; fileRef = 12820B022A99A8550054DBFF /* MindfulPauseApp.swift */; };
		12820B072A99A8570054DBFF /* Assets.xcassets in Resources */ = {isa = PBXBuildFile; fileRef = 12820B062A99A8570054DBFF /* Assets.xcassets */; };
		12820B0A2A99A8570054DBFF /* Preview Assets.xcassets in Resources */ = {isa = PBXBuildFile; fileRef = 12820B092A99A8570054DBFF /* Preview Assets.xcassets */; };
		12820B112A99A8A60054DBFF /* SelectView.swift in Sources */ = {isa = PBXBuildFile; fileRef = 12820B102A99A8A60054DBFF /* SelectView.swift */; };
		12820B132A99A8AF0054DBFF /* TimerView.swift in Sources */ = {isa = PBXBuildFile; fileRef = 12820B122A99A8AF0054DBFF /* TimerView.swift */; };
		12943F9C2AA05AD30035C146 /* HealthKitManager.swift in Sources */ = {isa = PBXBuildFile; fileRef = 12943F9B2AA05AD30035C146 /* HealthKitManager.swift */; };
		12A2640B2A9C5A1F00CE0FDD /* Color.swift in Sources */ = {isa = PBXBuildFile; fileRef = 12A2640A2A9C5A1F00CE0FDD /* Color.swift */; };
		12A443AF2AC3482000EEFED7 /* Stream.mp3 in Resources */ = {isa = PBXBuildFile; fileRef = 12A443AE2AC3482000EEFED7 /* Stream.mp3 */; };
		12A443B92AC359F500EEFED7 /* Campfire.mp3 in Resources */ = {isa = PBXBuildFile; fileRef = 12A443B82AC359F500EEFED7 /* Campfire.mp3 */; };
		12A443BB2AC35ABB00EEFED7 /* Dream.mp3 in Resources */ = {isa = PBXBuildFile; fileRef = 12A443BA2AC35ABB00EEFED7 /* Dream.mp3 */; };
		12A443BD2AC35DC700EEFED7 /* Rain.mp3 in Resources */ = {isa = PBXBuildFile; fileRef = 12A443BC2AC35DC700EEFED7 /* Rain.mp3 */; };
		12DC4F0F2AA31064001AF2C5 /* NotificationManager.swift in Sources */ = {isa = PBXBuildFile; fileRef = 12DC4F0E2AA31064001AF2C5 /* NotificationManager.swift */; };
		12E088CA2AB16ABE000FCEC8 /* WidgetKit.framework in Frameworks */ = {isa = PBXBuildFile; fileRef = 120D5D302AA595D90024257F /* WidgetKit.framework */; };
		12E088CB2AB16ABE000FCEC8 /* SwiftUI.framework in Frameworks */ = {isa = PBXBuildFile; fileRef = 120D5D322AA595D90024257F /* SwiftUI.framework */; };
		12E088CE2AB16ABE000FCEC8 /* MindfulPauseWidgetBundle.swift in Sources */ = {isa = PBXBuildFile; fileRef = 12E088CD2AB16ABE000FCEC8 /* MindfulPauseWidgetBundle.swift */; };
		12E088D02AB16ABE000FCEC8 /* MindfulPauseWidget.swift in Sources */ = {isa = PBXBuildFile; fileRef = 12E088CF2AB16ABE000FCEC8 /* MindfulPauseWidget.swift */; };
		12E088D22AB16ABF000FCEC8 /* Assets.xcassets in Resources */ = {isa = PBXBuildFile; fileRef = 12E088D12AB16ABF000FCEC8 /* Assets.xcassets */; };
		12E088D62AB16ABF000FCEC8 /* MindfulPauseWidgetExtension.appex in Embed Foundation Extensions */ = {isa = PBXBuildFile; fileRef = 12E088C92AB16ABE000FCEC8 /* MindfulPauseWidgetExtension.appex */; settings = {ATTRIBUTES = (RemoveHeadersOnCopy, ); }; };
		12F1D9612A9DA38600E047AF /* SettingsView.swift in Sources */ = {isa = PBXBuildFile; fileRef = 12F1D9602A9DA38600E047AF /* SettingsView.swift */; };
/* End PBXBuildFile section */

/* Begin PBXContainerItemProxy section */
		12E088D42AB16ABF000FCEC8 /* PBXContainerItemProxy */ = {
			isa = PBXContainerItemProxy;
			containerPortal = 12820AF72A99A8550054DBFF /* Project object */;
			proxyType = 1;
			remoteGlobalIDString = 12E088C82AB16ABE000FCEC8;
			remoteInfo = MindfulPauseWidgetExtension;
		};
/* End PBXContainerItemProxy section */

/* Begin PBXCopyFilesBuildPhase section */
		120D5D3F2AA595DA0024257F /* Embed Foundation Extensions */ = {
			isa = PBXCopyFilesBuildPhase;
			buildActionMask = 2147483647;
			dstPath = "";
			dstSubfolderSpec = 13;
			files = (
				12E088D62AB16ABF000FCEC8 /* MindfulPauseWidgetExtension.appex in Embed Foundation Extensions */,
			);
			name = "Embed Foundation Extensions";
			runOnlyForDeploymentPostprocessing = 0;
		};
/* End PBXCopyFilesBuildPhase section */

/* Begin PBXFileReference section */
		120D5D302AA595D90024257F /* WidgetKit.framework */ = {isa = PBXFileReference; lastKnownFileType = wrapper.framework; name = WidgetKit.framework; path = System/Library/Frameworks/WidgetKit.framework; sourceTree = SDKROOT; };
		120D5D322AA595D90024257F /* SwiftUI.framework */ = {isa = PBXFileReference; lastKnownFileType = wrapper.framework; name = SwiftUI.framework; path = System/Library/Frameworks/SwiftUI.framework; sourceTree = SDKROOT; };
		120D5D472AA629110024257F /* SnapBackSound.m4a */ = {isa = PBXFileReference; lastKnownFileType = file; path = SnapBackSound.m4a; sourceTree = "<group>"; };
		120D5D492AA629350024257F /* Sound.m4a */ = {isa = PBXFileReference; lastKnownFileType = file; path = Sound.m4a; sourceTree = "<group>"; };
		12820AFF2A99A8550054DBFF /* MindfulPause.app */ = {isa = PBXFileReference; explicitFileType = wrapper.application; includeInIndex = 0; path = MindfulPause.app; sourceTree = BUILT_PRODUCTS_DIR; };
		12820B022A99A8550054DBFF /* MindfulPauseApp.swift */ = {isa = PBXFileReference; lastKnownFileType = sourcecode.swift; path = MindfulPauseApp.swift; sourceTree = "<group>"; };
		12820B062A99A8570054DBFF /* Assets.xcassets */ = {isa = PBXFileReference; lastKnownFileType = folder.assetcatalog; path = Assets.xcassets; sourceTree = "<group>"; };
		12820B092A99A8570054DBFF /* Preview Assets.xcassets */ = {isa = PBXFileReference; lastKnownFileType = folder.assetcatalog; path = "Preview Assets.xcassets"; sourceTree = "<group>"; };
		12820B102A99A8A60054DBFF /* SelectView.swift */ = {isa = PBXFileReference; lastKnownFileType = sourcecode.swift; path = SelectView.swift; sourceTree = "<group>"; };
		12820B122A99A8AF0054DBFF /* TimerView.swift */ = {isa = PBXFileReference; lastKnownFileType = sourcecode.swift; path = TimerView.swift; sourceTree = "<group>"; };
		12943F9A2AA055420035C146 /* MindfulPause.entitlements */ = {isa = PBXFileReference; lastKnownFileType = text.plist.entitlements; path = MindfulPause.entitlements; sourceTree = "<group>"; };
		12943F9B2AA05AD30035C146 /* HealthKitManager.swift */ = {isa = PBXFileReference; lastKnownFileType = sourcecode.swift; path = HealthKitManager.swift; sourceTree = "<group>"; };
		12943FA02AA05FFE0035C146 /* Info.plist */ = {isa = PBXFileReference; lastKnownFileType = text.plist; path = Info.plist; sourceTree = "<group>"; };
		12A2640A2A9C5A1F00CE0FDD /* Color.swift */ = {isa = PBXFileReference; lastKnownFileType = sourcecode.swift; path = Color.swift; sourceTree = "<group>"; };
		12A443AE2AC3482000EEFED7 /* Stream.mp3 */ = {isa = PBXFileReference; lastKnownFileType = audio.mp3; name = Stream.mp3; path = ../../../../../Downloads/Stream.mp3; sourceTree = "<group>"; };
		12A443B82AC359F500EEFED7 /* Campfire.mp3 */ = {isa = PBXFileReference; lastKnownFileType = audio.mp3; name = Campfire.mp3; path = ../../../../../Downloads/Campfire.mp3; sourceTree = "<group>"; };
		12A443BA2AC35ABB00EEFED7 /* Dream.mp3 */ = {isa = PBXFileReference; lastKnownFileType = audio.mp3; name = Dream.mp3; path = ../../../../../Downloads/Dream.mp3; sourceTree = "<group>"; };
		12A443BC2AC35DC700EEFED7 /* Rain.mp3 */ = {isa = PBXFileReference; lastKnownFileType = audio.mp3; name = Rain.mp3; path = ../../../../../Downloads/Rain.mp3; sourceTree = "<group>"; };
		12DC4F0E2AA31064001AF2C5 /* NotificationManager.swift */ = {isa = PBXFileReference; lastKnownFileType = sourcecode.swift; path = NotificationManager.swift; sourceTree = "<group>"; };
		12E088C92AB16ABE000FCEC8 /* MindfulPauseWidgetExtension.appex */ = {isa = PBXFileReference; explicitFileType = "wrapper.app-extension"; includeInIndex = 0; path = MindfulPauseWidgetExtension.appex; sourceTree = BUILT_PRODUCTS_DIR; };
		12E088CD2AB16ABE000FCEC8 /* MindfulPauseWidgetBundle.swift */ = {isa = PBXFileReference; lastKnownFileType = sourcecode.swift; path = MindfulPauseWidgetBundle.swift; sourceTree = "<group>"; };
		12E088CF2AB16ABE000FCEC8 /* MindfulPauseWidget.swift */ = {isa = PBXFileReference; lastKnownFileType = sourcecode.swift; path = MindfulPauseWidget.swift; sourceTree = "<group>"; };
		12E088D12AB16ABF000FCEC8 /* Assets.xcassets */ = {isa = PBXFileReference; lastKnownFileType = folder.assetcatalog; path = Assets.xcassets; sourceTree = "<group>"; };
		12E088D32AB16ABF000FCEC8 /* Info.plist */ = {isa = PBXFileReference; lastKnownFileType = text.plist.xml; path = Info.plist; sourceTree = "<group>"; };
		12F1D9602A9DA38600E047AF /* SettingsView.swift */ = {isa = PBXFileReference; lastKnownFileType = sourcecode.swift; path = SettingsView.swift; sourceTree = "<group>"; };
/* End PBXFileReference section */

/* Begin PBXFrameworksBuildPhase section */
		12820AFC2A99A8550054DBFF /* Frameworks */ = {
			isa = PBXFrameworksBuildPhase;
			buildActionMask = 2147483647;
			files = (
			);
			runOnlyForDeploymentPostprocessing = 0;
		};
		12E088C62AB16ABE000FCEC8 /* Frameworks */ = {
			isa = PBXFrameworksBuildPhase;
			buildActionMask = 2147483647;
			files = (
				12E088CB2AB16ABE000FCEC8 /* SwiftUI.framework in Frameworks */,
				12E088CA2AB16ABE000FCEC8 /* WidgetKit.framework in Frameworks */,
			);
			runOnlyForDeploymentPostprocessing = 0;
		};
/* End PBXFrameworksBuildPhase section */

/* Begin PBXGroup section */
		120D5D2F2AA595D90024257F /* Frameworks */ = {
			isa = PBXGroup;
			children = (
				120D5D302AA595D90024257F /* WidgetKit.framework */,
				120D5D322AA595D90024257F /* SwiftUI.framework */,
			);
			name = Frameworks;
			sourceTree = "<group>";
		};
		12820AF62A99A8550054DBFF = {
			isa = PBXGroup;
			children = (
				12820B012A99A8550054DBFF /* MindfulPause */,
				12E088CC2AB16ABE000FCEC8 /* MindfulPauseWidget */,
				120D5D2F2AA595D90024257F /* Frameworks */,
				12820B002A99A8550054DBFF /* Products */,
			);
			sourceTree = "<group>";
		};
		12820B002A99A8550054DBFF /* Products */ = {
			isa = PBXGroup;
			children = (
				12820AFF2A99A8550054DBFF /* MindfulPause.app */,
				12E088C92AB16ABE000FCEC8 /* MindfulPauseWidgetExtension.appex */,
			);
			name = Products;
			sourceTree = "<group>";
		};
		12820B012A99A8550054DBFF /* MindfulPause */ = {
			isa = PBXGroup;
			children = (
				12943FA02AA05FFE0035C146 /* Info.plist */,
				12943F9A2AA055420035C146 /* MindfulPause.entitlements */,
				12820B022A99A8550054DBFF /* MindfulPauseApp.swift */,
				12820B102A99A8A60054DBFF /* SelectView.swift */,
				12820B122A99A8AF0054DBFF /* TimerView.swift */,
				12F1D9602A9DA38600E047AF /* SettingsView.swift */,
				12943F9B2AA05AD30035C146 /* HealthKitManager.swift */,
				12DC4F0E2AA31064001AF2C5 /* NotificationManager.swift */,
				12A2640A2A9C5A1F00CE0FDD /* Color.swift */,
				12820B062A99A8570054DBFF /* Assets.xcassets */,
				12943F8D2A9FAEDB0035C146 /* Sounds */,
				12820B082A99A8570054DBFF /* Preview Content */,
			);
			path = MindfulPause;
			sourceTree = "<group>";
		};
		12820B082A99A8570054DBFF /* Preview Content */ = {
			isa = PBXGroup;
			children = (
				12820B092A99A8570054DBFF /* Preview Assets.xcassets */,
			);
			path = "Preview Content";
			sourceTree = "<group>";
		};
		12943F8D2A9FAEDB0035C146 /* Sounds */ = {
			isa = PBXGroup;
			children = (
				12A443BC2AC35DC700EEFED7 /* Rain.mp3 */,
				12A443BA2AC35ABB00EEFED7 /* Dream.mp3 */,
				12A443B82AC359F500EEFED7 /* Campfire.mp3 */,
				12A443AE2AC3482000EEFED7 /* Stream.mp3 */,
				120D5D472AA629110024257F /* SnapBackSound.m4a */,
				120D5D492AA629350024257F /* Sound.m4a */,
			);
			path = Sounds;
			sourceTree = "<group>";
		};
		12E088CC2AB16ABE000FCEC8 /* MindfulPauseWidget */ = {
			isa = PBXGroup;
			children = (
				12E088CD2AB16ABE000FCEC8 /* MindfulPauseWidgetBundle.swift */,
				12E088CF2AB16ABE000FCEC8 /* MindfulPauseWidget.swift */,
				12E088D12AB16ABF000FCEC8 /* Assets.xcassets */,
				12E088D32AB16ABF000FCEC8 /* Info.plist */,
			);
			path = MindfulPauseWidget;
			sourceTree = "<group>";
		};
/* End PBXGroup section */

/* Begin PBXNativeTarget section */
		12820AFE2A99A8550054DBFF /* MindfulPause */ = {
			isa = PBXNativeTarget;
			buildConfigurationList = 12820B0D2A99A8570054DBFF /* Build configuration list for PBXNativeTarget "MindfulPause" */;
			buildPhases = (
				12820AFB2A99A8550054DBFF /* Sources */,
				12820AFC2A99A8550054DBFF /* Frameworks */,
				12820AFD2A99A8550054DBFF /* Resources */,
				120D5D3F2AA595DA0024257F /* Embed Foundation Extensions */,
			);
			buildRules = (
			);
			dependencies = (
				12E088D52AB16ABF000FCEC8 /* PBXTargetDependency */,
			);
			name = MindfulPause;
			productName = MindfulPause;
			productReference = 12820AFF2A99A8550054DBFF /* MindfulPause.app */;
			productType = "com.apple.product-type.application";
		};
		12E088C82AB16ABE000FCEC8 /* MindfulPauseWidgetExtension */ = {
			isa = PBXNativeTarget;
			buildConfigurationList = 12E088D72AB16ABF000FCEC8 /* Build configuration list for PBXNativeTarget "MindfulPauseWidgetExtension" */;
			buildPhases = (
				12E088C52AB16ABE000FCEC8 /* Sources */,
				12E088C62AB16ABE000FCEC8 /* Frameworks */,
				12E088C72AB16ABE000FCEC8 /* Resources */,
			);
			buildRules = (
			);
			dependencies = (
			);
			name = MindfulPauseWidgetExtension;
			productName = MindfulPauseWidgetExtension;
			productReference = 12E088C92AB16ABE000FCEC8 /* MindfulPauseWidgetExtension.appex */;
			productType = "com.apple.product-type.app-extension";
		};
/* End PBXNativeTarget section */

/* Begin PBXProject section */
		12820AF72A99A8550054DBFF /* Project object */ = {
			isa = PBXProject;
			attributes = {
				BuildIndependentTargetsInParallel = 1;
				LastSwiftUpdateCheck = 1420;
				LastUpgradeCheck = 1500;
				TargetAttributes = {
					12820AFE2A99A8550054DBFF = {
						CreatedOnToolsVersion = 15.0;
					};
					12E088C82AB16ABE000FCEC8 = {
						CreatedOnToolsVersion = 14.2;
					};
				};
			};
			buildConfigurationList = 12820AFA2A99A8550054DBFF /* Build configuration list for PBXProject "MindfulPause" */;
			compatibilityVersion = "Xcode 14.0";
			developmentRegion = en;
			hasScannedForEncodings = 0;
			knownRegions = (
				en,
				Base,
			);
			mainGroup = 12820AF62A99A8550054DBFF;
			productRefGroup = 12820B002A99A8550054DBFF /* Products */;
			projectDirPath = "";
			projectRoot = "";
			targets = (
				12820AFE2A99A8550054DBFF /* MindfulPause */,
				12E088C82AB16ABE000FCEC8 /* MindfulPauseWidgetExtension */,
			);
		};
/* End PBXProject section */

/* Begin PBXResourcesBuildPhase section */
		12820AFD2A99A8550054DBFF /* Resources */ = {
			isa = PBXResourcesBuildPhase;
			buildActionMask = 2147483647;
			files = (
				12820B0A2A99A8570054DBFF /* Preview Assets.xcassets in Resources */,
				12A443BB2AC35ABB00EEFED7 /* Dream.mp3 in Resources */,
				12A443AF2AC3482000EEFED7 /* Stream.mp3 in Resources */,
				120D5D4A2AA629350024257F /* Sound.m4a in Resources */,
				12A443B92AC359F500EEFED7 /* Campfire.mp3 in Resources */,
				12820B072A99A8570054DBFF /* Assets.xcassets in Resources */,
				120D5D482AA629110024257F /* SnapBackSound.m4a in Resources */,
				12A443BD2AC35DC700EEFED7 /* Rain.mp3 in Resources */,
			);
			runOnlyForDeploymentPostprocessing = 0;
		};
		12E088C72AB16ABE000FCEC8 /* Resources */ = {
			isa = PBXResourcesBuildPhase;
			buildActionMask = 2147483647;
			files = (
				12E088D22AB16ABF000FCEC8 /* Assets.xcassets in Resources */,
			);
			runOnlyForDeploymentPostprocessing = 0;
		};
/* End PBXResourcesBuildPhase section */

/* Begin PBXSourcesBuildPhase section */
		12820AFB2A99A8550054DBFF /* Sources */ = {
			isa = PBXSourcesBuildPhase;
			buildActionMask = 2147483647;
			files = (
				12F1D9612A9DA38600E047AF /* SettingsView.swift in Sources */,
				12820B032A99A8550054DBFF /* MindfulPauseApp.swift in Sources */,
				12943F9C2AA05AD30035C146 /* HealthKitManager.swift in Sources */,
				12A2640B2A9C5A1F00CE0FDD /* Color.swift in Sources */,
				12DC4F0F2AA31064001AF2C5 /* NotificationManager.swift in Sources */,
				12820B132A99A8AF0054DBFF /* TimerView.swift in Sources */,
				12820B112A99A8A60054DBFF /* SelectView.swift in Sources */,
			);
			runOnlyForDeploymentPostprocessing = 0;
		};
		12E088C52AB16ABE000FCEC8 /* Sources */ = {
			isa = PBXSourcesBuildPhase;
			buildActionMask = 2147483647;
			files = (
				12E088D02AB16ABE000FCEC8 /* MindfulPauseWidget.swift in Sources */,
				12E088CE2AB16ABE000FCEC8 /* MindfulPauseWidgetBundle.swift in Sources */,
			);
			runOnlyForDeploymentPostprocessing = 0;
		};
/* End PBXSourcesBuildPhase section */

/* Begin PBXTargetDependency section */
		12E088D52AB16ABF000FCEC8 /* PBXTargetDependency */ = {
			isa = PBXTargetDependency;
			target = 12E088C82AB16ABE000FCEC8 /* MindfulPauseWidgetExtension */;
			targetProxy = 12E088D42AB16ABF000FCEC8 /* PBXContainerItemProxy */;
		};
/* End PBXTargetDependency section */

/* Begin XCBuildConfiguration section */
		12820B0B2A99A8570054DBFF /* Debug */ = {
			isa = XCBuildConfiguration;
			buildSettings = {
				ALWAYS_SEARCH_USER_PATHS = NO;
				ASSETCATALOG_COMPILER_GENERATE_SWIFT_ASSET_SYMBOL_EXTENSIONS = YES;
				CLANG_ANALYZER_NONNULL = YES;
				CLANG_ANALYZER_NUMBER_OBJECT_CONVERSION = YES_AGGRESSIVE;
				CLANG_CXX_LANGUAGE_STANDARD = "gnu++20";
				CLANG_ENABLE_MODULES = YES;
				CLANG_ENABLE_OBJC_ARC = YES;
				CLANG_ENABLE_OBJC_WEAK = YES;
				CLANG_WARN_BLOCK_CAPTURE_AUTORELEASING = YES;
				CLANG_WARN_BOOL_CONVERSION = YES;
				CLANG_WARN_COMMA = YES;
				CLANG_WARN_CONSTANT_CONVERSION = YES;
				CLANG_WARN_DEPRECATED_OBJC_IMPLEMENTATIONS = YES;
				CLANG_WARN_DIRECT_OBJC_ISA_USAGE = YES_ERROR;
				CLANG_WARN_DOCUMENTATION_COMMENTS = YES;
				CLANG_WARN_EMPTY_BODY = YES;
				CLANG_WARN_ENUM_CONVERSION = YES;
				CLANG_WARN_INFINITE_RECURSION = YES;
				CLANG_WARN_INT_CONVERSION = YES;
				CLANG_WARN_NON_LITERAL_NULL_CONVERSION = YES;
				CLANG_WARN_OBJC_IMPLICIT_RETAIN_SELF = YES;
				CLANG_WARN_OBJC_LITERAL_CONVERSION = YES;
				CLANG_WARN_OBJC_ROOT_CLASS = YES_ERROR;
				CLANG_WARN_QUOTED_INCLUDE_IN_FRAMEWORK_HEADER = YES;
				CLANG_WARN_RANGE_LOOP_ANALYSIS = YES;
				CLANG_WARN_STRICT_PROTOTYPES = YES;
				CLANG_WARN_SUSPICIOUS_MOVE = YES;
				CLANG_WARN_UNGUARDED_AVAILABILITY = YES_AGGRESSIVE;
				CLANG_WARN_UNREACHABLE_CODE = YES;
				CLANG_WARN__DUPLICATE_METHOD_MATCH = YES;
				COPY_PHASE_STRIP = NO;
				DEBUG_INFORMATION_FORMAT = dwarf;
				ENABLE_STRICT_OBJC_MSGSEND = YES;
				ENABLE_TESTABILITY = YES;
				ENABLE_USER_SCRIPT_SANDBOXING = YES;
				GCC_C_LANGUAGE_STANDARD = gnu17;
				GCC_DYNAMIC_NO_PIC = NO;
				GCC_NO_COMMON_BLOCKS = YES;
				GCC_OPTIMIZATION_LEVEL = 0;
				GCC_PREPROCESSOR_DEFINITIONS = (
					"DEBUG=1",
					"$(inherited)",
				);
				GCC_WARN_64_TO_32_BIT_CONVERSION = YES;
				GCC_WARN_ABOUT_RETURN_TYPE = YES_ERROR;
				GCC_WARN_UNDECLARED_SELECTOR = YES;
				GCC_WARN_UNINITIALIZED_AUTOS = YES_AGGRESSIVE;
				GCC_WARN_UNUSED_FUNCTION = YES;
				GCC_WARN_UNUSED_VARIABLE = YES;
				IPHONEOS_DEPLOYMENT_TARGET = 16.1;
				LOCALIZATION_PREFERS_STRING_CATALOGS = YES;
				MTL_ENABLE_DEBUG_INFO = INCLUDE_SOURCE;
				MTL_FAST_MATH = YES;
				ONLY_ACTIVE_ARCH = YES;
				SDKROOT = iphoneos;
				SWIFT_ACTIVE_COMPILATION_CONDITIONS = "DEBUG $(inherited)";
				SWIFT_OPTIMIZATION_LEVEL = "-Onone";
			};
			name = Debug;
		};
		12820B0C2A99A8570054DBFF /* Release */ = {
			isa = XCBuildConfiguration;
			buildSettings = {
				ALWAYS_SEARCH_USER_PATHS = NO;
				ASSETCATALOG_COMPILER_GENERATE_SWIFT_ASSET_SYMBOL_EXTENSIONS = YES;
				CLANG_ANALYZER_NONNULL = YES;
				CLANG_ANALYZER_NUMBER_OBJECT_CONVERSION = YES_AGGRESSIVE;
				CLANG_CXX_LANGUAGE_STANDARD = "gnu++20";
				CLANG_ENABLE_MODULES = YES;
				CLANG_ENABLE_OBJC_ARC = YES;
				CLANG_ENABLE_OBJC_WEAK = YES;
				CLANG_WARN_BLOCK_CAPTURE_AUTORELEASING = YES;
				CLANG_WARN_BOOL_CONVERSION = YES;
				CLANG_WARN_COMMA = YES;
				CLANG_WARN_CONSTANT_CONVERSION = YES;
				CLANG_WARN_DEPRECATED_OBJC_IMPLEMENTATIONS = YES;
				CLANG_WARN_DIRECT_OBJC_ISA_USAGE = YES_ERROR;
				CLANG_WARN_DOCUMENTATION_COMMENTS = YES;
				CLANG_WARN_EMPTY_BODY = YES;
				CLANG_WARN_ENUM_CONVERSION = YES;
				CLANG_WARN_INFINITE_RECURSION = YES;
				CLANG_WARN_INT_CONVERSION = YES;
				CLANG_WARN_NON_LITERAL_NULL_CONVERSION = YES;
				CLANG_WARN_OBJC_IMPLICIT_RETAIN_SELF = YES;
				CLANG_WARN_OBJC_LITERAL_CONVERSION = YES;
				CLANG_WARN_OBJC_ROOT_CLASS = YES_ERROR;
				CLANG_WARN_QUOTED_INCLUDE_IN_FRAMEWORK_HEADER = YES;
				CLANG_WARN_RANGE_LOOP_ANALYSIS = YES;
				CLANG_WARN_STRICT_PROTOTYPES = YES;
				CLANG_WARN_SUSPICIOUS_MOVE = YES;
				CLANG_WARN_UNGUARDED_AVAILABILITY = YES_AGGRESSIVE;
				CLANG_WARN_UNREACHABLE_CODE = YES;
				CLANG_WARN__DUPLICATE_METHOD_MATCH = YES;
				COPY_PHASE_STRIP = NO;
				DEBUG_INFORMATION_FORMAT = "dwarf-with-dsym";
				ENABLE_NS_ASSERTIONS = NO;
				ENABLE_STRICT_OBJC_MSGSEND = YES;
				ENABLE_USER_SCRIPT_SANDBOXING = YES;
				GCC_C_LANGUAGE_STANDARD = gnu17;
				GCC_NO_COMMON_BLOCKS = YES;
				GCC_WARN_64_TO_32_BIT_CONVERSION = YES;
				GCC_WARN_ABOUT_RETURN_TYPE = YES_ERROR;
				GCC_WARN_UNDECLARED_SELECTOR = YES;
				GCC_WARN_UNINITIALIZED_AUTOS = YES_AGGRESSIVE;
				GCC_WARN_UNUSED_FUNCTION = YES;
				GCC_WARN_UNUSED_VARIABLE = YES;
				IPHONEOS_DEPLOYMENT_TARGET = 16.1;
				LOCALIZATION_PREFERS_STRING_CATALOGS = YES;
				MTL_ENABLE_DEBUG_INFO = NO;
				MTL_FAST_MATH = YES;
				SDKROOT = iphoneos;
				SWIFT_COMPILATION_MODE = wholemodule;
				VALIDATE_PRODUCT = YES;
			};
			name = Release;
		};
		12820B0E2A99A8570054DBFF /* Debug */ = {
			isa = XCBuildConfiguration;
			buildSettings = {
				ALWAYS_EMBED_SWIFT_STANDARD_LIBRARIES = YES;
				ASSETCATALOG_COMPILER_APPICON_NAME = AppIcon;
				ASSETCATALOG_COMPILER_GLOBAL_ACCENT_COLOR_NAME = AccentColor;
				CODE_SIGN_ENTITLEMENTS = MindfulPause/MindfulPause.entitlements;
				CODE_SIGN_IDENTITY = "Apple Development";
				CODE_SIGN_STYLE = Automatic;
				CURRENT_PROJECT_VERSION = 1;
				DEVELOPMENT_ASSET_PATHS = "\"MindfulPause/Preview Content\"";
				DEVELOPMENT_TEAM = TQ579GB38P;
				ENABLE_PREVIEWS = YES;
				GENERATE_INFOPLIST_FILE = YES;
				INFOPLIST_FILE = MindfulPause/Info.plist;
				INFOPLIST_KEY_LSApplicationCategoryType = "public.app-category.healthcare-fitness";
				INFOPLIST_KEY_NSHealthShareUsageDescription = "Please allow access to let MindfulPause to save your Pause duration to Mindful Minutes in Apple Health.";
				INFOPLIST_KEY_NSHealthUpdateUsageDescription = "MindfulPause will save the duration of your Pause to Mindful Minutes in Apple Health.";
				INFOPLIST_KEY_UIApplicationSceneManifest_Generation = YES;
				INFOPLIST_KEY_UIApplicationSupportsIndirectInputEvents = YES;
				INFOPLIST_KEY_UILaunchScreen_Generation = YES;
				INFOPLIST_KEY_UISupportedInterfaceOrientations = UIInterfaceOrientationPortrait;
				INFOPLIST_KEY_UISupportedInterfaceOrientations_iPad = "UIInterfaceOrientationLandscapeLeft UIInterfaceOrientationLandscapeRight UIInterfaceOrientationPortrait UIInterfaceOrientationPortraitUpsideDown";
				IPHONEOS_DEPLOYMENT_TARGET = 16.1;
				LD_RUNPATH_SEARCH_PATHS = (
					"$(inherited)",
					"@executable_path/Frameworks",
				);
				MARKETING_VERSION = 1.11;
				PRODUCT_BUNDLE_IDENTIFIER = com.matsvei.MindfulPause;
				PRODUCT_NAME = "$(TARGET_NAME)";
				PROVISIONING_PROFILE_SPECIFIER = "";
				SWIFT_EMIT_LOC_STRINGS = YES;
				SWIFT_VERSION = 5.0;
				TARGETED_DEVICE_FAMILY = 1;
			};
			name = Debug;
		};
		12820B0F2A99A8570054DBFF /* Release */ = {
			isa = XCBuildConfiguration;
			buildSettings = {
				ALWAYS_EMBED_SWIFT_STANDARD_LIBRARIES = YES;
				ASSETCATALOG_COMPILER_APPICON_NAME = AppIcon;
				ASSETCATALOG_COMPILER_GLOBAL_ACCENT_COLOR_NAME = AccentColor;
				CODE_SIGN_ENTITLEMENTS = MindfulPause/MindfulPause.entitlements;
				CODE_SIGN_IDENTITY = "Apple Development";
				CODE_SIGN_STYLE = Automatic;
				CURRENT_PROJECT_VERSION = 1;
				DEVELOPMENT_ASSET_PATHS = "\"MindfulPause/Preview Content\"";
				DEVELOPMENT_TEAM = TQ579GB38P;
				ENABLE_PREVIEWS = YES;
				GENERATE_INFOPLIST_FILE = YES;
				INFOPLIST_FILE = MindfulPause/Info.plist;
				INFOPLIST_KEY_LSApplicationCategoryType = "public.app-category.healthcare-fitness";
				INFOPLIST_KEY_NSHealthShareUsageDescription = "Please allow access to let MindfulPause to save your Pause duration to Mindful Minutes in Apple Health.";
				INFOPLIST_KEY_NSHealthUpdateUsageDescription = "MindfulPause will save the duration of your Pause to Mindful Minutes in Apple Health.";
				INFOPLIST_KEY_UIApplicationSceneManifest_Generation = YES;
				INFOPLIST_KEY_UIApplicationSupportsIndirectInputEvents = YES;
				INFOPLIST_KEY_UILaunchScreen_Generation = YES;
				INFOPLIST_KEY_UISupportedInterfaceOrientations = UIInterfaceOrientationPortrait;
				INFOPLIST_KEY_UISupportedInterfaceOrientations_iPad = "UIInterfaceOrientationLandscapeLeft UIInterfaceOrientationLandscapeRight UIInterfaceOrientationPortrait UIInterfaceOrientationPortraitUpsideDown";
				IPHONEOS_DEPLOYMENT_TARGET = 16.1;
				LD_RUNPATH_SEARCH_PATHS = (
					"$(inherited)",
					"@executable_path/Frameworks",
				);
				MARKETING_VERSION = 1.11;
				PRODUCT_BUNDLE_IDENTIFIER = com.matsvei.MindfulPause;
				PRODUCT_NAME = "$(TARGET_NAME)";
				PROVISIONING_PROFILE_SPECIFIER = "";
				SWIFT_EMIT_LOC_STRINGS = YES;
				SWIFT_VERSION = 5.0;
				TARGETED_DEVICE_FAMILY = 1;
			};
			name = Release;
		};
		12E088D82AB16ABF000FCEC8 /* Debug */ = {
			isa = XCBuildConfiguration;
			buildSettings = {
				ASSETCATALOG_COMPILER_GLOBAL_ACCENT_COLOR_NAME = AccentColor;
				ASSETCATALOG_COMPILER_WIDGET_BACKGROUND_COLOR_NAME = WidgetBackground;
				CODE_SIGN_IDENTITY = "Apple Development";
				CODE_SIGN_STYLE = Automatic;
				CURRENT_PROJECT_VERSION = 1;
				DEVELOPMENT_TEAM = TQ579GB38P;
				GCC_C_LANGUAGE_STANDARD = gnu11;
				GENERATE_INFOPLIST_FILE = YES;
				INFOPLIST_FILE = MindfulPauseWidget/Info.plist;
				INFOPLIST_KEY_CFBundleDisplayName = MindfulPauseWidget;
				INFOPLIST_KEY_NSHumanReadableCopyright = "";
				IPHONEOS_DEPLOYMENT_TARGET = 16.2;
				LD_RUNPATH_SEARCH_PATHS = (
					"$(inherited)",
					"@executable_path/Frameworks",
					"@executable_path/../../Frameworks",
				);
				MARKETING_VERSION = 1.11;
				PRODUCT_BUNDLE_IDENTIFIER = com.matsvei.MindfulPause.MindfulPauseWidget;
				PRODUCT_NAME = "$(TARGET_NAME)";
				SKIP_INSTALL = YES;
				SWIFT_ACTIVE_COMPILATION_CONDITIONS = DEBUG;
				SWIFT_EMIT_LOC_STRINGS = YES;
				SWIFT_VERSION = 5.0;
				TARGETED_DEVICE_FAMILY = "1,2";
			};
			name = Debug;
		};
		12E088D92AB16ABF000FCEC8 /* Release */ = {
			isa = XCBuildConfiguration;
			buildSettings = {
				ASSETCATALOG_COMPILER_GLOBAL_ACCENT_COLOR_NAME = AccentColor;
				ASSETCATALOG_COMPILER_WIDGET_BACKGROUND_COLOR_NAME = WidgetBackground;
				CODE_SIGN_IDENTITY = "Apple Development";
				CODE_SIGN_STYLE = Automatic;
				CURRENT_PROJECT_VERSION = 1;
				DEVELOPMENT_TEAM = TQ579GB38P;
				GCC_C_LANGUAGE_STANDARD = gnu11;
				GENERATE_INFOPLIST_FILE = YES;
				INFOPLIST_FILE = MindfulPauseWidget/Info.plist;
				INFOPLIST_KEY_CFBundleDisplayName = MindfulPauseWidget;
				INFOPLIST_KEY_NSHumanReadableCopyright = "";
				IPHONEOS_DEPLOYMENT_TARGET = 16.2;
				LD_RUNPATH_SEARCH_PATHS = (
					"$(inherited)",
					"@executable_path/Frameworks",
					"@executable_path/../../Frameworks",
				);
				MARKETING_VERSION = 1.11;
				PRODUCT_BUNDLE_IDENTIFIER = com.matsvei.MindfulPause.MindfulPauseWidget;
				PRODUCT_NAME = "$(TARGET_NAME)";
				SKIP_INSTALL = YES;
				SWIFT_EMIT_LOC_STRINGS = YES;
				SWIFT_OPTIMIZATION_LEVEL = "-O";
				SWIFT_VERSION = 5.0;
				TARGETED_DEVICE_FAMILY = "1,2";
			};
			name = Release;
		};
/* End XCBuildConfiguration section */

/* Begin XCConfigurationList section */
		12820AFA2A99A8550054DBFF /* Build configuration list for PBXProject "MindfulPause" */ = {
			isa = XCConfigurationList;
			buildConfigurations = (
				12820B0B2A99A8570054DBFF /* Debug */,
				12820B0C2A99A8570054DBFF /* Release */,
			);
			defaultConfigurationIsVisible = 0;
			defaultConfigurationName = Release;
		};
		12820B0D2A99A8570054DBFF /* Build configuration list for PBXNativeTarget "MindfulPause" */ = {
			isa = XCConfigurationList;
			buildConfigurations = (
				12820B0E2A99A8570054DBFF /* Debug */,
				12820B0F2A99A8570054DBFF /* Release */,
			);
			defaultConfigurationIsVisible = 0;
			defaultConfigurationName = Release;
		};
		12E088D72AB16ABF000FCEC8 /* Build configuration list for PBXNativeTarget "MindfulPauseWidgetExtension" */ = {
			isa = XCConfigurationList;
			buildConfigurations = (
				12E088D82AB16ABF000FCEC8 /* Debug */,
				12E088D92AB16ABF000FCEC8 /* Release */,
			);
			defaultConfigurationIsVisible = 0;
			defaultConfigurationName = Release;
		};
/* End XCConfigurationList section */
	};
	rootObject = 12820AF72A99A8550054DBFF /* Project object */;
}
