// !$*UTF8*$!
{
	archiveVersion = 1;
	classes = {
	};
	objectVersion = 56;
	objects = {

/* Begin PBXBuildFile section */
		120D5D482AA629110024257F /* SnapSound.m4a in Resources */ = {isa = PBXBuildFile; fileRef = 120D5D472AA629110024257F /* SnapSound.m4a */; };
		120D5D4A2AA629350024257F /* Sound.m4a in Resources */ = {isa = PBXBuildFile; fileRef = 120D5D492AA629350024257F /* Sound.m4a */; };
		121D2E032ACE492B00398390 /* AirView.swift in Sources */ = {isa = PBXBuildFile; fileRef = 121D2E022ACE492B00398390 /* AirView.swift */; };
		1237D2DB2AC887C800C80F6B /* ContentView.swift in Sources */ = {isa = PBXBuildFile; fileRef = 1237D2DA2AC887C800C80F6B /* ContentView.swift */; };
		1242979D2BA76437003F3A17 /* Rain.mp3 in Resources */ = {isa = PBXBuildFile; fileRef = 1242979C2BA76437003F3A17 /* Rain.mp3 */; };
		12463D922BD7F1F800B67AC9 /* ContentView.swift in Sources */ = {isa = PBXBuildFile; fileRef = 12463D912BD7F1F800B67AC9 /* ContentView.swift */; };
		12463D942BD7F1FA00B67AC9 /* Assets.xcassets in Resources */ = {isa = PBXBuildFile; fileRef = 12463D932BD7F1FA00B67AC9 /* Assets.xcassets */; };
		12463D972BD7F1FA00B67AC9 /* Preview Assets.xcassets in Resources */ = {isa = PBXBuildFile; fileRef = 12463D962BD7F1FA00B67AC9 /* Preview Assets.xcassets */; };
		12463D9D2BD7F38500B67AC9 /* LockedInApp.swift in Sources */ = {isa = PBXBuildFile; fileRef = 12820B022A99A8550054DBFF /* LockedInApp.swift */; };
		12463D9F2BD7F49700B67AC9 /* ProgressCircle.swift in Sources */ = {isa = PBXBuildFile; fileRef = 12463D9E2BD7F49700B67AC9 /* ProgressCircle.swift */; };
		124D133D2BADD139000404A2 /* BackgroundView.swift in Sources */ = {isa = PBXBuildFile; fileRef = 124D133C2BADD139000404A2 /* BackgroundView.swift */; };
		12622F812B91C43C0013A3B7 /* GradientView.swift in Sources */ = {isa = PBXBuildFile; fileRef = 12622F802B91C43C0013A3B7 /* GradientView.swift */; };
		12622F832B924B610013A3B7 /* Stream.mp3 in Resources */ = {isa = PBXBuildFile; fileRef = 12622F822B924B610013A3B7 /* Stream.mp3 */; };
		12622F852B924BC50013A3B7 /* Campfire.mp3 in Resources */ = {isa = PBXBuildFile; fileRef = 12622F842B924BC50013A3B7 /* Campfire.mp3 */; };
		12622F892B924C2C0013A3B7 /* Meditation.mp3 in Resources */ = {isa = PBXBuildFile; fileRef = 12622F882B924C2C0013A3B7 /* Meditation.mp3 */; };
		12622F8B2B924C810013A3B7 /* Piano.mp3 in Resources */ = {isa = PBXBuildFile; fileRef = 12622F8A2B924C800013A3B7 /* Piano.mp3 */; };
		12622F8D2B924CC30013A3B7 /* Relax.mp3 in Resources */ = {isa = PBXBuildFile; fileRef = 12622F8C2B924CC30013A3B7 /* Relax.mp3 */; };
		12622F8F2B928FD00013A3B7 /* TimeTrackingAttributes.swift in Sources */ = {isa = PBXBuildFile; fileRef = 12622F8E2B928FD00013A3B7 /* TimeTrackingAttributes.swift */; };
		12820B032A99A8550054DBFF /* LockedInApp.swift in Sources */ = {isa = PBXBuildFile; fileRef = 12820B022A99A8550054DBFF /* LockedInApp.swift */; };
		12820B072A99A8570054DBFF /* Assets.xcassets in Resources */ = {isa = PBXBuildFile; fileRef = 12820B062A99A8570054DBFF /* Assets.xcassets */; };
		12820B0A2A99A8570054DBFF /* Preview Assets.xcassets in Resources */ = {isa = PBXBuildFile; fileRef = 12820B092A99A8570054DBFF /* Preview Assets.xcassets */; };
		12820B112A99A8A60054DBFF /* FocusView.swift in Sources */ = {isa = PBXBuildFile; fileRef = 12820B102A99A8A60054DBFF /* FocusView.swift */; };
		12820B132A99A8AF0054DBFF /* TimerView.swift in Sources */ = {isa = PBXBuildFile; fileRef = 12820B122A99A8AF0054DBFF /* TimerView.swift */; };
		128CCC422B94B61A00445540 /* LockedInWidgetLiveActivity.swift in Sources */ = {isa = PBXBuildFile; fileRef = 128CCC412B94B61A00445540 /* LockedInWidgetLiveActivity.swift */; };
		128CCC432B94B88800445540 /* LockedInWidgetLiveActivity.swift in Sources */ = {isa = PBXBuildFile; fileRef = 128CCC412B94B61A00445540 /* LockedInWidgetLiveActivity.swift */; };
		128CCC442B94B89F00445540 /* TimeTrackingAttributes.swift in Sources */ = {isa = PBXBuildFile; fileRef = 12622F8E2B928FD00013A3B7 /* TimeTrackingAttributes.swift */; };
		12943F9C2AA05AD30035C146 /* HealthKitManager.swift in Sources */ = {isa = PBXBuildFile; fileRef = 12943F9B2AA05AD30035C146 /* HealthKitManager.swift */; };
		12949B512B96248F0040E9DE /* AppDelegate.swift in Sources */ = {isa = PBXBuildFile; fileRef = 12949B502B96248E0040E9DE /* AppDelegate.swift */; };
		12949B532B9625350040E9DE /* SceneDelegate.swift in Sources */ = {isa = PBXBuildFile; fileRef = 12949B522B9625350040E9DE /* SceneDelegate.swift */; };
		12949B552B96299F0040E9DE /* LiveActivitiesManager.swift in Sources */ = {isa = PBXBuildFile; fileRef = 12949B542B96299F0040E9DE /* LiveActivitiesManager.swift */; };
		12949B562B96299F0040E9DE /* LiveActivitiesManager.swift in Sources */ = {isa = PBXBuildFile; fileRef = 12949B542B96299F0040E9DE /* LiveActivitiesManager.swift */; };
		1295D65E2AC8802300034049 /* BreatheView.swift in Sources */ = {isa = PBXBuildFile; fileRef = 1295D65D2AC8802300034049 /* BreatheView.swift */; };
		12A2640B2A9C5A1F00CE0FDD /* Color.swift in Sources */ = {isa = PBXBuildFile; fileRef = 12A2640A2A9C5A1F00CE0FDD /* Color.swift */; };
		12D9613D2AD491D100CD25D5 /* LockedInWidgetBundle.swift in Sources */ = {isa = PBXBuildFile; fileRef = 12D9613C2AD491D100CD25D5 /* LockedInWidgetBundle.swift */; };
		12D9613F2AD491D100CD25D5 /* LockedInWidget.swift in Sources */ = {isa = PBXBuildFile; fileRef = 12D9613E2AD491D100CD25D5 /* LockedInWidget.swift */; };
		12D961412AD491D300CD25D5 /* Assets.xcassets in Resources */ = {isa = PBXBuildFile; fileRef = 12D961402AD491D300CD25D5 /* Assets.xcassets */; };
		12D961452AD491D300CD25D5 /* LockedInWidgetExtension.appex in Embed Foundation Extensions */ = {isa = PBXBuildFile; fileRef = 12D961382AD491D100CD25D5 /* LockedInWidgetExtension.appex */; settings = {ATTRIBUTES = (RemoveHeadersOnCopy, ); }; };
		12DC4F0F2AA31064001AF2C5 /* NotificationManager.swift in Sources */ = {isa = PBXBuildFile; fileRef = 12DC4F0E2AA31064001AF2C5 /* NotificationManager.swift */; };
		12F1D9612A9DA38600E047AF /* SettingsView.swift in Sources */ = {isa = PBXBuildFile; fileRef = 12F1D9602A9DA38600E047AF /* SettingsView.swift */; };
		12F254B32BC7705E00C4BABF /* BrownNoise.mp3 in Resources */ = {isa = PBXBuildFile; fileRef = 12F254B22BC7705E00C4BABF /* BrownNoise.mp3 */; };
		12F960672AD66060004FD46A /* BreatheOut.m4a in Resources */ = {isa = PBXBuildFile; fileRef = 12F960662AD66060004FD46A /* BreatheOut.m4a */; };
		12F960692AD66069004FD46A /* BreatheIn.m4a in Resources */ = {isa = PBXBuildFile; fileRef = 12F960682AD66069004FD46A /* BreatheIn.m4a */; };
		12FB71DB2BD8C410004BE2C9 /* PomodoroStatusButton.swift in Sources */ = {isa = PBXBuildFile; fileRef = 12FB71DA2BD8C410004BE2C9 /* PomodoroStatusButton.swift */; };
		12FB71DD2BD8C648004BE2C9 /* PomodoroCounterButton.swift in Sources */ = {isa = PBXBuildFile; fileRef = 12FB71DC2BD8C648004BE2C9 /* PomodoroCounterButton.swift */; };
		12FB71DF2BD8C7BD004BE2C9 /* MediaControlButton.swift in Sources */ = {isa = PBXBuildFile; fileRef = 12FB71DE2BD8C7BD004BE2C9 /* MediaControlButton.swift */; };
		12FBB8522B353D3700D27C96 /* AppStorage.swift in Sources */ = {isa = PBXBuildFile; fileRef = 12FBB8512B353D3700D27C96 /* AppStorage.swift */; };
		12FBB8542B353DC000D27C96 /* SoundManager.swift in Sources */ = {isa = PBXBuildFile; fileRef = 12FBB8532B353DC000D27C96 /* SoundManager.swift */; };
		12FBB85A2B3541C000D27C96 /* Text+CustomStyles.swift in Sources */ = {isa = PBXBuildFile; fileRef = 12FBB8592B3541C000D27C96 /* Text+CustomStyles.swift */; };
		12FBB85C2B35421500D27C96 /* UINavigationController+SwipeBackGesture.swift in Sources */ = {isa = PBXBuildFile; fileRef = 12FBB85B2B35421500D27C96 /* UINavigationController+SwipeBackGesture.swift */; };
		12FBB85E2B35426F00D27C96 /* Date+Raw.swift in Sources */ = {isa = PBXBuildFile; fileRef = 12FBB85D2B35426F00D27C96 /* Date+Raw.swift */; };
		12FD93162BD6C0EB00C43F51 /* ActivityKit.framework in Frameworks */ = {isa = PBXBuildFile; fileRef = 124297962BA761CF003F3A17 /* ActivityKit.framework */; settings = {ATTRIBUTES = (Weak, ); }; };
		12FD93172BD6C0F100C43F51 /* WidgetKit.framework in Frameworks */ = {isa = PBXBuildFile; fileRef = 120D5D302AA595D90024257F /* WidgetKit.framework */; settings = {ATTRIBUTES = (Weak, ); }; };
		12FD93192BD6C68600C43F51 /* HealthKit.framework in Frameworks */ = {isa = PBXBuildFile; fileRef = 12FD93182BD6C68600C43F51 /* HealthKit.framework */; settings = {ATTRIBUTES = (Weak, ); }; };
		12FD931B2BD6C7F100C43F51 /* HealthKit.framework in Frameworks */ = {isa = PBXBuildFile; fileRef = 12FD93182BD6C68600C43F51 /* HealthKit.framework */; settings = {ATTRIBUTES = (Weak, ); }; };
		12FD931E2BD6C7F200C43F51 /* ActivityKit.framework in Frameworks */ = {isa = PBXBuildFile; fileRef = 124297962BA761CF003F3A17 /* ActivityKit.framework */; settings = {ATTRIBUTES = (Weak, ); }; };
		12FD93202BD6C7F400C43F51 /* WidgetKit.framework in Frameworks */ = {isa = PBXBuildFile; fileRef = 120D5D302AA595D90024257F /* WidgetKit.framework */; settings = {ATTRIBUTES = (Weak, ); }; };
/* End PBXBuildFile section */

/* Begin PBXContainerItemProxy section */
		12D961432AD491D300CD25D5 /* PBXContainerItemProxy */ = {
			isa = PBXContainerItemProxy;
			containerPortal = 12820AF72A99A8550054DBFF /* Project object */;
			proxyType = 1;
			remoteGlobalIDString = 12D961372AD491D100CD25D5;
			remoteInfo = PauseponeWidgetExtension;
		};
/* End PBXContainerItemProxy section */

/* Begin PBXCopyFilesBuildPhase section */
		120D5D3F2AA595DA0024257F /* Embed Foundation Extensions */ = {
			isa = PBXCopyFilesBuildPhase;
			buildActionMask = 2147483647;
			dstPath = "";
			dstSubfolderSpec = 13;
			files = (
				12D961452AD491D300CD25D5 /* LockedInWidgetExtension.appex in Embed Foundation Extensions */,
			);
			name = "Embed Foundation Extensions";
			runOnlyForDeploymentPostprocessing = 0;
		};
/* End PBXCopyFilesBuildPhase section */

/* Begin PBXFileReference section */
		120D5D302AA595D90024257F /* WidgetKit.framework */ = {isa = PBXFileReference; lastKnownFileType = wrapper.framework; name = WidgetKit.framework; path = System/Library/Frameworks/WidgetKit.framework; sourceTree = SDKROOT; };
		120D5D322AA595D90024257F /* SwiftUI.framework */ = {isa = PBXFileReference; lastKnownFileType = wrapper.framework; name = SwiftUI.framework; path = System/Library/Frameworks/SwiftUI.framework; sourceTree = SDKROOT; };
		120D5D472AA629110024257F /* SnapSound.m4a */ = {isa = PBXFileReference; lastKnownFileType = file; path = SnapSound.m4a; sourceTree = "<group>"; };
		120D5D492AA629350024257F /* Sound.m4a */ = {isa = PBXFileReference; lastKnownFileType = file; path = Sound.m4a; sourceTree = "<group>"; };
		121D2E022ACE492B00398390 /* AirView.swift */ = {isa = PBXFileReference; lastKnownFileType = sourcecode.swift; path = AirView.swift; sourceTree = "<group>"; };
		1237D2DA2AC887C800C80F6B /* ContentView.swift */ = {isa = PBXFileReference; lastKnownFileType = sourcecode.swift; path = ContentView.swift; sourceTree = "<group>"; };
		124297962BA761CF003F3A17 /* ActivityKit.framework */ = {isa = PBXFileReference; lastKnownFileType = wrapper.framework; name = ActivityKit.framework; path = System/Library/Frameworks/ActivityKit.framework; sourceTree = SDKROOT; };
		1242979C2BA76437003F3A17 /* Rain.mp3 */ = {isa = PBXFileReference; lastKnownFileType = audio.mp3; path = Rain.mp3; sourceTree = "<group>"; };
		12463D8D2BD7F1F800B67AC9 /* MacLockedIn.app */ = {isa = PBXFileReference; explicitFileType = wrapper.application; includeInIndex = 0; path = MacLockedIn.app; sourceTree = BUILT_PRODUCTS_DIR; };
		12463D912BD7F1F800B67AC9 /* ContentView.swift */ = {isa = PBXFileReference; lastKnownFileType = sourcecode.swift; path = ContentView.swift; sourceTree = "<group>"; };
		12463D932BD7F1FA00B67AC9 /* Assets.xcassets */ = {isa = PBXFileReference; lastKnownFileType = folder.assetcatalog; path = Assets.xcassets; sourceTree = "<group>"; };
		12463D962BD7F1FA00B67AC9 /* Preview Assets.xcassets */ = {isa = PBXFileReference; lastKnownFileType = folder.assetcatalog; path = "Preview Assets.xcassets"; sourceTree = "<group>"; };
		12463D982BD7F1FA00B67AC9 /* MacLockedIn.entitlements */ = {isa = PBXFileReference; lastKnownFileType = text.plist.entitlements; path = MacLockedIn.entitlements; sourceTree = "<group>"; };
		12463D9E2BD7F49700B67AC9 /* ProgressCircle.swift */ = {isa = PBXFileReference; lastKnownFileType = sourcecode.swift; path = ProgressCircle.swift; sourceTree = "<group>"; };
		124D133C2BADD139000404A2 /* BackgroundView.swift */ = {isa = PBXFileReference; lastKnownFileType = sourcecode.swift; path = BackgroundView.swift; sourceTree = "<group>"; };
		12622F802B91C43C0013A3B7 /* GradientView.swift */ = {isa = PBXFileReference; lastKnownFileType = sourcecode.swift; path = GradientView.swift; sourceTree = "<group>"; };
		12622F822B924B610013A3B7 /* Stream.mp3 */ = {isa = PBXFileReference; lastKnownFileType = audio.mp3; path = Stream.mp3; sourceTree = "<group>"; };
		12622F842B924BC50013A3B7 /* Campfire.mp3 */ = {isa = PBXFileReference; lastKnownFileType = audio.mp3; path = Campfire.mp3; sourceTree = "<group>"; };
		12622F882B924C2C0013A3B7 /* Meditation.mp3 */ = {isa = PBXFileReference; lastKnownFileType = audio.mp3; path = Meditation.mp3; sourceTree = "<group>"; };
		12622F8A2B924C800013A3B7 /* Piano.mp3 */ = {isa = PBXFileReference; lastKnownFileType = audio.mp3; path = Piano.mp3; sourceTree = "<group>"; };
		12622F8C2B924CC30013A3B7 /* Relax.mp3 */ = {isa = PBXFileReference; lastKnownFileType = audio.mp3; path = Relax.mp3; sourceTree = "<group>"; };
		12622F8E2B928FD00013A3B7 /* TimeTrackingAttributes.swift */ = {isa = PBXFileReference; lastKnownFileType = sourcecode.swift; path = TimeTrackingAttributes.swift; sourceTree = "<group>"; };
		12820AFF2A99A8550054DBFF /* LockedIn.app */ = {isa = PBXFileReference; explicitFileType = wrapper.application; includeInIndex = 0; path = LockedIn.app; sourceTree = BUILT_PRODUCTS_DIR; };
		12820B022A99A8550054DBFF /* LockedInApp.swift */ = {isa = PBXFileReference; lastKnownFileType = sourcecode.swift; path = LockedInApp.swift; sourceTree = "<group>"; };
		12820B062A99A8570054DBFF /* Assets.xcassets */ = {isa = PBXFileReference; lastKnownFileType = folder.assetcatalog; path = Assets.xcassets; sourceTree = "<group>"; };
		12820B092A99A8570054DBFF /* Preview Assets.xcassets */ = {isa = PBXFileReference; lastKnownFileType = folder.assetcatalog; name = "Preview Assets.xcassets"; path = "LockedIn/Preview Content/Preview Assets.xcassets"; sourceTree = "<group>"; };
		12820B102A99A8A60054DBFF /* FocusView.swift */ = {isa = PBXFileReference; lastKnownFileType = sourcecode.swift; path = FocusView.swift; sourceTree = "<group>"; };
		12820B122A99A8AF0054DBFF /* TimerView.swift */ = {isa = PBXFileReference; lastKnownFileType = sourcecode.swift; path = TimerView.swift; sourceTree = "<group>"; };
		128CCC412B94B61A00445540 /* LockedInWidgetLiveActivity.swift */ = {isa = PBXFileReference; lastKnownFileType = sourcecode.swift; path = LockedInWidgetLiveActivity.swift; sourceTree = "<group>"; };
		12943F9B2AA05AD30035C146 /* HealthKitManager.swift */ = {isa = PBXFileReference; lastKnownFileType = sourcecode.swift; path = HealthKitManager.swift; sourceTree = "<group>"; };
		12949B502B96248E0040E9DE /* AppDelegate.swift */ = {isa = PBXFileReference; lastKnownFileType = sourcecode.swift; path = AppDelegate.swift; sourceTree = "<group>"; };
		12949B522B9625350040E9DE /* SceneDelegate.swift */ = {isa = PBXFileReference; lastKnownFileType = sourcecode.swift; path = SceneDelegate.swift; sourceTree = "<group>"; };
		12949B542B96299F0040E9DE /* LiveActivitiesManager.swift */ = {isa = PBXFileReference; lastKnownFileType = sourcecode.swift; path = LiveActivitiesManager.swift; sourceTree = "<group>"; };
		1295D65D2AC8802300034049 /* BreatheView.swift */ = {isa = PBXFileReference; lastKnownFileType = sourcecode.swift; path = BreatheView.swift; sourceTree = "<group>"; };
		12A2640A2A9C5A1F00CE0FDD /* Color.swift */ = {isa = PBXFileReference; lastKnownFileType = sourcecode.swift; path = Color.swift; sourceTree = "<group>"; };
		12D961382AD491D100CD25D5 /* LockedInWidgetExtension.appex */ = {isa = PBXFileReference; explicitFileType = "wrapper.app-extension"; includeInIndex = 0; path = LockedInWidgetExtension.appex; sourceTree = BUILT_PRODUCTS_DIR; };
		12D9613C2AD491D100CD25D5 /* LockedInWidgetBundle.swift */ = {isa = PBXFileReference; lastKnownFileType = sourcecode.swift; path = LockedInWidgetBundle.swift; sourceTree = "<group>"; };
		12D9613E2AD491D100CD25D5 /* LockedInWidget.swift */ = {isa = PBXFileReference; lastKnownFileType = sourcecode.swift; path = LockedInWidget.swift; sourceTree = "<group>"; };
		12D961402AD491D300CD25D5 /* Assets.xcassets */ = {isa = PBXFileReference; lastKnownFileType = folder.assetcatalog; path = Assets.xcassets; sourceTree = "<group>"; };
		12D961422AD491D300CD25D5 /* Info.plist */ = {isa = PBXFileReference; lastKnownFileType = text.plist.xml; path = Info.plist; sourceTree = "<group>"; };
		12DC4F0E2AA31064001AF2C5 /* NotificationManager.swift */ = {isa = PBXFileReference; lastKnownFileType = sourcecode.swift; path = NotificationManager.swift; sourceTree = "<group>"; };
		12F1D9602A9DA38600E047AF /* SettingsView.swift */ = {isa = PBXFileReference; lastKnownFileType = sourcecode.swift; path = SettingsView.swift; sourceTree = "<group>"; };
		12F254B22BC7705E00C4BABF /* BrownNoise.mp3 */ = {isa = PBXFileReference; lastKnownFileType = audio.mp3; name = BrownNoise.mp3; path = ../../../../../Documents/Developer/LockedIn/BrownNoise.mp3; sourceTree = "<group>"; };
		12F960662AD66060004FD46A /* BreatheOut.m4a */ = {isa = PBXFileReference; lastKnownFileType = file; path = BreatheOut.m4a; sourceTree = "<group>"; };
		12F960682AD66069004FD46A /* BreatheIn.m4a */ = {isa = PBXFileReference; lastKnownFileType = file; path = BreatheIn.m4a; sourceTree = "<group>"; };
		12FB71DA2BD8C410004BE2C9 /* PomodoroStatusButton.swift */ = {isa = PBXFileReference; lastKnownFileType = sourcecode.swift; path = PomodoroStatusButton.swift; sourceTree = "<group>"; };
		12FB71DC2BD8C648004BE2C9 /* PomodoroCounterButton.swift */ = {isa = PBXFileReference; lastKnownFileType = sourcecode.swift; path = PomodoroCounterButton.swift; sourceTree = "<group>"; };
		12FB71DE2BD8C7BD004BE2C9 /* MediaControlButton.swift */ = {isa = PBXFileReference; lastKnownFileType = sourcecode.swift; path = MediaControlButton.swift; sourceTree = "<group>"; };
		12FBB8512B353D3700D27C96 /* AppStorage.swift */ = {isa = PBXFileReference; lastKnownFileType = sourcecode.swift; path = AppStorage.swift; sourceTree = "<group>"; };
		12FBB8532B353DC000D27C96 /* SoundManager.swift */ = {isa = PBXFileReference; lastKnownFileType = sourcecode.swift; path = SoundManager.swift; sourceTree = "<group>"; };
		12FBB8592B3541C000D27C96 /* Text+CustomStyles.swift */ = {isa = PBXFileReference; lastKnownFileType = sourcecode.swift; path = "Text+CustomStyles.swift"; sourceTree = "<group>"; };
		12FBB85B2B35421500D27C96 /* UINavigationController+SwipeBackGesture.swift */ = {isa = PBXFileReference; lastKnownFileType = sourcecode.swift; path = "UINavigationController+SwipeBackGesture.swift"; sourceTree = "<group>"; };
		12FBB85D2B35426F00D27C96 /* Date+Raw.swift */ = {isa = PBXFileReference; lastKnownFileType = sourcecode.swift; path = "Date+Raw.swift"; sourceTree = "<group>"; };
		12FD93182BD6C68600C43F51 /* HealthKit.framework */ = {isa = PBXFileReference; lastKnownFileType = wrapper.framework; name = HealthKit.framework; path = System/Library/Frameworks/HealthKit.framework; sourceTree = SDKROOT; };
/* End PBXFileReference section */

/* Begin PBXFrameworksBuildPhase section */
		12463D8A2BD7F1F800B67AC9 /* Frameworks */ = {
			isa = PBXFrameworksBuildPhase;
			buildActionMask = 2147483647;
			files = (
			);
			runOnlyForDeploymentPostprocessing = 0;
		};
		12820AFC2A99A8550054DBFF /* Frameworks */ = {
			isa = PBXFrameworksBuildPhase;
			buildActionMask = 2147483647;
			files = (
				12FD931E2BD6C7F200C43F51 /* ActivityKit.framework in Frameworks */,
				12FD931B2BD6C7F100C43F51 /* HealthKit.framework in Frameworks */,
				12FD93202BD6C7F400C43F51 /* WidgetKit.framework in Frameworks */,
			);
			runOnlyForDeploymentPostprocessing = 0;
		};
		12D961352AD491D100CD25D5 /* Frameworks */ = {
			isa = PBXFrameworksBuildPhase;
			buildActionMask = 2147483647;
			files = (
				12FD93192BD6C68600C43F51 /* HealthKit.framework in Frameworks */,
				12FD93172BD6C0F100C43F51 /* WidgetKit.framework in Frameworks */,
				12FD93162BD6C0EB00C43F51 /* ActivityKit.framework in Frameworks */,
			);
			runOnlyForDeploymentPostprocessing = 0;
		};
/* End PBXFrameworksBuildPhase section */

/* Begin PBXGroup section */
		120D5D2F2AA595D90024257F /* Frameworks */ = {
			isa = PBXGroup;
			children = (
				12FD93182BD6C68600C43F51 /* HealthKit.framework */,
				124297962BA761CF003F3A17 /* ActivityKit.framework */,
				120D5D302AA595D90024257F /* WidgetKit.framework */,
				120D5D322AA595D90024257F /* SwiftUI.framework */,
			);
			name = Frameworks;
			sourceTree = "<group>";
		};
		12463D8E2BD7F1F800B67AC9 /* MacLockedIn */ = {
			isa = PBXGroup;
			children = (
				12463D912BD7F1F800B67AC9 /* ContentView.swift */,
				12463D932BD7F1FA00B67AC9 /* Assets.xcassets */,
				12463D982BD7F1FA00B67AC9 /* MacLockedIn.entitlements */,
				12463D952BD7F1FA00B67AC9 /* Preview Content */,
			);
			path = MacLockedIn;
			sourceTree = "<group>";
		};
		12463D952BD7F1FA00B67AC9 /* Preview Content */ = {
			isa = PBXGroup;
			children = (
				12463D962BD7F1FA00B67AC9 /* Preview Assets.xcassets */,
			);
			path = "Preview Content";
			sourceTree = "<group>";
		};
		12463D9C2BD7F35C00B67AC9 /* Helpers */ = {
			isa = PBXGroup;
			children = (
				12463D9E2BD7F49700B67AC9 /* ProgressCircle.swift */,
				12FB71DA2BD8C410004BE2C9 /* PomodoroStatusButton.swift */,
				12FB71DC2BD8C648004BE2C9 /* PomodoroCounterButton.swift */,
				12FB71DE2BD8C7BD004BE2C9 /* MediaControlButton.swift */,
			);
			path = Helpers;
			sourceTree = "<group>";
		};
		12820AF62A99A8550054DBFF = {
			isa = PBXGroup;
			children = (
				12820B012A99A8550054DBFF /* LockedIn */,
				12D9613B2AD491D100CD25D5 /* LockedInWidget */,
				12463D8E2BD7F1F800B67AC9 /* MacLockedIn */,
				120D5D2F2AA595D90024257F /* Frameworks */,
				12820B002A99A8550054DBFF /* Products */,
			);
			sourceTree = "<group>";
		};
		12820B002A99A8550054DBFF /* Products */ = {
			isa = PBXGroup;
			children = (
				12820AFF2A99A8550054DBFF /* LockedIn.app */,
				12D961382AD491D100CD25D5 /* LockedInWidgetExtension.appex */,
				12463D8D2BD7F1F800B67AC9 /* MacLockedIn.app */,
			);
			name = Products;
			sourceTree = "<group>";
		};
		12820B012A99A8550054DBFF /* LockedIn */ = {
			isa = PBXGroup;
			children = (
				12FBB8552B353F3F00D27C96 /* Views */,
				12FBB8562B353FED00D27C96 /* Utilities */,
				12463D9C2BD7F35C00B67AC9 /* Helpers */,
				12FBB8582B35417100D27C96 /* Extentions */,
				12FBB8572B3540A300D27C96 /* Media */,
				12820B082A99A8570054DBFF /* Preview Content */,
			);
			name = LockedIn;
			sourceTree = "<group>";
		};
		12820B082A99A8570054DBFF /* Preview Content */ = {
			isa = PBXGroup;
			children = (
				12820B092A99A8570054DBFF /* Preview Assets.xcassets */,
			);
			name = "Preview Content";
			sourceTree = "<group>";
		};
		12943F8D2A9FAEDB0035C146 /* Sounds */ = {
			isa = PBXGroup;
			children = (
				12F254B22BC7705E00C4BABF /* BrownNoise.mp3 */,
				1242979C2BA76437003F3A17 /* Rain.mp3 */,
				12F960682AD66069004FD46A /* BreatheIn.m4a */,
				12F960662AD66060004FD46A /* BreatheOut.m4a */,
				12622F842B924BC50013A3B7 /* Campfire.mp3 */,
				12622F882B924C2C0013A3B7 /* Meditation.mp3 */,
				12622F8A2B924C800013A3B7 /* Piano.mp3 */,
				12622F8C2B924CC30013A3B7 /* Relax.mp3 */,
				12622F822B924B610013A3B7 /* Stream.mp3 */,
				120D5D472AA629110024257F /* SnapSound.m4a */,
				120D5D492AA629350024257F /* Sound.m4a */,
			);
			path = Sounds;
			sourceTree = "<group>";
		};
		12D9613B2AD491D100CD25D5 /* LockedInWidget */ = {
			isa = PBXGroup;
			children = (
				12D9613C2AD491D100CD25D5 /* LockedInWidgetBundle.swift */,
				12D9613E2AD491D100CD25D5 /* LockedInWidget.swift */,
				128CCC412B94B61A00445540 /* LockedInWidgetLiveActivity.swift */,
				12D961402AD491D300CD25D5 /* Assets.xcassets */,
				12D961422AD491D300CD25D5 /* Info.plist */,
			);
			path = LockedInWidget;
			sourceTree = "<group>";
		};
		12FBB8552B353F3F00D27C96 /* Views */ = {
			isa = PBXGroup;
			children = (
				12820B022A99A8550054DBFF /* LockedInApp.swift */,
				124D133C2BADD139000404A2 /* BackgroundView.swift */,
				12622F802B91C43C0013A3B7 /* GradientView.swift */,
				1237D2DA2AC887C800C80F6B /* ContentView.swift */,
				12820B102A99A8A60054DBFF /* FocusView.swift */,
				12820B122A99A8AF0054DBFF /* TimerView.swift */,
				1295D65D2AC8802300034049 /* BreatheView.swift */,
				121D2E022ACE492B00398390 /* AirView.swift */,
				12F1D9602A9DA38600E047AF /* SettingsView.swift */,
			);
			path = Views;
			sourceTree = "<group>";
		};
		12FBB8562B353FED00D27C96 /* Utilities */ = {
			isa = PBXGroup;
			children = (
				12949B502B96248E0040E9DE /* AppDelegate.swift */,
				12949B522B9625350040E9DE /* SceneDelegate.swift */,
				12FBB8512B353D3700D27C96 /* AppStorage.swift */,
				12FBB8532B353DC000D27C96 /* SoundManager.swift */,
				12622F8E2B928FD00013A3B7 /* TimeTrackingAttributes.swift */,
				12943F9B2AA05AD30035C146 /* HealthKitManager.swift */,
				12DC4F0E2AA31064001AF2C5 /* NotificationManager.swift */,
				12A2640A2A9C5A1F00CE0FDD /* Color.swift */,
				12949B542B96299F0040E9DE /* LiveActivitiesManager.swift */,
			);
			path = Utilities;
			sourceTree = "<group>";
		};
		12FBB8572B3540A300D27C96 /* Media */ = {
			isa = PBXGroup;
			children = (
				12820B062A99A8570054DBFF /* Assets.xcassets */,
				12943F8D2A9FAEDB0035C146 /* Sounds */,
			);
			path = Media;
			sourceTree = "<group>";
		};
		12FBB8582B35417100D27C96 /* Extentions */ = {
			isa = PBXGroup;
			children = (
				12FBB8592B3541C000D27C96 /* Text+CustomStyles.swift */,
				12FBB85B2B35421500D27C96 /* UINavigationController+SwipeBackGesture.swift */,
				12FBB85D2B35426F00D27C96 /* Date+Raw.swift */,
			);
			path = Extentions;
			sourceTree = "<group>";
		};
/* End PBXGroup section */

/* Begin PBXNativeTarget section */
		12463D8C2BD7F1F800B67AC9 /* MacLockedIn */ = {
			isa = PBXNativeTarget;
			buildConfigurationList = 12463D992BD7F1FA00B67AC9 /* Build configuration list for PBXNativeTarget "MacLockedIn" */;
			buildPhases = (
				12463D892BD7F1F800B67AC9 /* Sources */,
				12463D8A2BD7F1F800B67AC9 /* Frameworks */,
				12463D8B2BD7F1F800B67AC9 /* Resources */,
			);
			buildRules = (
			);
			dependencies = (
			);
			name = MacLockedIn;
			productName = MacLockedIn;
			productReference = 12463D8D2BD7F1F800B67AC9 /* MacLockedIn.app */;
			productType = "com.apple.product-type.application";
		};
		12820AFE2A99A8550054DBFF /* LockedIn */ = {
			isa = PBXNativeTarget;
			buildConfigurationList = 12820B0D2A99A8570054DBFF /* Build configuration list for PBXNativeTarget "LockedIn" */;
			buildPhases = (
				12820AFB2A99A8550054DBFF /* Sources */,
				12820AFC2A99A8550054DBFF /* Frameworks */,
				12820AFD2A99A8550054DBFF /* Resources */,
				120D5D3F2AA595DA0024257F /* Embed Foundation Extensions */,
			);
			buildRules = (
			);
			dependencies = (
				12D961442AD491D300CD25D5 /* PBXTargetDependency */,
			);
			name = LockedIn;
			productName = MindfulPause;
			productReference = 12820AFF2A99A8550054DBFF /* LockedIn.app */;
			productType = "com.apple.product-type.application";
		};
		12D961372AD491D100CD25D5 /* LockedInWidgetExtension */ = {
			isa = PBXNativeTarget;
			buildConfigurationList = 12D961462AD491D300CD25D5 /* Build configuration list for PBXNativeTarget "LockedInWidgetExtension" */;
			buildPhases = (
				12D961342AD491D100CD25D5 /* Sources */,
				12D961352AD491D100CD25D5 /* Frameworks */,
				12D961362AD491D100CD25D5 /* Resources */,
			);
			buildRules = (
			);
			dependencies = (
			);
			name = LockedInWidgetExtension;
			productName = PauseponeWidgetExtension;
			productReference = 12D961382AD491D100CD25D5 /* LockedInWidgetExtension.appex */;
			productType = "com.apple.product-type.app-extension";
		};
/* End PBXNativeTarget section */

/* Begin PBXProject section */
		12820AF72A99A8550054DBFF /* Project object */ = {
			isa = PBXProject;
			attributes = {
				BuildIndependentTargetsInParallel = 1;
				LastSwiftUpdateCheck = 1530;
				LastUpgradeCheck = 1500;
				TargetAttributes = {
					12463D8C2BD7F1F800B67AC9 = {
						CreatedOnToolsVersion = 15.3;
					};
					12820AFE2A99A8550054DBFF = {
						CreatedOnToolsVersion = 15.0;
					};
					12D961372AD491D100CD25D5 = {
						CreatedOnToolsVersion = 15.0;
					};
				};
			};
			buildConfigurationList = 12820AFA2A99A8550054DBFF /* Build configuration list for PBXProject "LockedIn" */;
			compatibilityVersion = "Xcode 14.0";
			developmentRegion = en;
			hasScannedForEncodings = 0;
			knownRegions = (
				en,
				Base,
			);
			mainGroup = 12820AF62A99A8550054DBFF;
			productRefGroup = 12820B002A99A8550054DBFF /* Products */;
			projectDirPath = "";
			projectRoot = "";
			targets = (
				12820AFE2A99A8550054DBFF /* LockedIn */,
				12D961372AD491D100CD25D5 /* LockedInWidgetExtension */,
				12463D8C2BD7F1F800B67AC9 /* MacLockedIn */,
			);
		};
/* End PBXProject section */

/* Begin PBXResourcesBuildPhase section */
		12463D8B2BD7F1F800B67AC9 /* Resources */ = {
			isa = PBXResourcesBuildPhase;
			buildActionMask = 2147483647;
			files = (
				12463D972BD7F1FA00B67AC9 /* Preview Assets.xcassets in Resources */,
				12463D942BD7F1FA00B67AC9 /* Assets.xcassets in Resources */,
			);
			runOnlyForDeploymentPostprocessing = 0;
		};
		12820AFD2A99A8550054DBFF /* Resources */ = {
			isa = PBXResourcesBuildPhase;
			buildActionMask = 2147483647;
			files = (
				1242979D2BA76437003F3A17 /* Rain.mp3 in Resources */,
				12F254B32BC7705E00C4BABF /* BrownNoise.mp3 in Resources */,
				12820B0A2A99A8570054DBFF /* Preview Assets.xcassets in Resources */,
				12622F8D2B924CC30013A3B7 /* Relax.mp3 in Resources */,
				120D5D4A2AA629350024257F /* Sound.m4a in Resources */,
				12622F832B924B610013A3B7 /* Stream.mp3 in Resources */,
				12F960692AD66069004FD46A /* BreatheIn.m4a in Resources */,
				12F960672AD66060004FD46A /* BreatheOut.m4a in Resources */,
				12622F852B924BC50013A3B7 /* Campfire.mp3 in Resources */,
				12622F892B924C2C0013A3B7 /* Meditation.mp3 in Resources */,
				12622F8B2B924C810013A3B7 /* Piano.mp3 in Resources */,
				12820B072A99A8570054DBFF /* Assets.xcassets in Resources */,
				120D5D482AA629110024257F /* SnapSound.m4a in Resources */,
			);
			runOnlyForDeploymentPostprocessing = 0;
		};
		12D961362AD491D100CD25D5 /* Resources */ = {
			isa = PBXResourcesBuildPhase;
			buildActionMask = 2147483647;
			files = (
				12D961412AD491D300CD25D5 /* Assets.xcassets in Resources */,
			);
			runOnlyForDeploymentPostprocessing = 0;
		};
/* End PBXResourcesBuildPhase section */

/* Begin PBXSourcesBuildPhase section */
		12463D892BD7F1F800B67AC9 /* Sources */ = {
			isa = PBXSourcesBuildPhase;
			buildActionMask = 2147483647;
			files = (
				12463D9D2BD7F38500B67AC9 /* LockedInApp.swift in Sources */,
				12463D922BD7F1F800B67AC9 /* ContentView.swift in Sources */,
			);
			runOnlyForDeploymentPostprocessing = 0;
		};
		12820AFB2A99A8550054DBFF /* Sources */ = {
			isa = PBXSourcesBuildPhase;
			buildActionMask = 2147483647;
			files = (
				12F1D9612A9DA38600E047AF /* SettingsView.swift in Sources */,
				12820B032A99A8550054DBFF /* LockedInApp.swift in Sources */,
				124D133D2BADD139000404A2 /* BackgroundView.swift in Sources */,
				12463D9F2BD7F49700B67AC9 /* ProgressCircle.swift in Sources */,
				12FB71DD2BD8C648004BE2C9 /* PomodoroCounterButton.swift in Sources */,
				12FB71DB2BD8C410004BE2C9 /* PomodoroStatusButton.swift in Sources */,
				12949B512B96248F0040E9DE /* AppDelegate.swift in Sources */,
				1295D65E2AC8802300034049 /* BreatheView.swift in Sources */,
				12FBB8542B353DC000D27C96 /* SoundManager.swift in Sources */,
				12943F9C2AA05AD30035C146 /* HealthKitManager.swift in Sources */,
				12622F8F2B928FD00013A3B7 /* TimeTrackingAttributes.swift in Sources */,
				12A2640B2A9C5A1F00CE0FDD /* Color.swift in Sources */,
				12622F812B91C43C0013A3B7 /* GradientView.swift in Sources */,
				121D2E032ACE492B00398390 /* AirView.swift in Sources */,
				1237D2DB2AC887C800C80F6B /* ContentView.swift in Sources */,
				12FBB85C2B35421500D27C96 /* UINavigationController+SwipeBackGesture.swift in Sources */,
				12DC4F0F2AA31064001AF2C5 /* NotificationManager.swift in Sources */,
				12FBB8522B353D3700D27C96 /* AppStorage.swift in Sources */,
				12FBB85E2B35426F00D27C96 /* Date+Raw.swift in Sources */,
				12949B532B9625350040E9DE /* SceneDelegate.swift in Sources */,
				12820B132A99A8AF0054DBFF /* TimerView.swift in Sources */,
				12820B112A99A8A60054DBFF /* FocusView.swift in Sources */,
				12FB71DF2BD8C7BD004BE2C9 /* MediaControlButton.swift in Sources */,
				128CCC422B94B61A00445540 /* LockedInWidgetLiveActivity.swift in Sources */,
				12949B552B96299F0040E9DE /* LiveActivitiesManager.swift in Sources */,
				12FBB85A2B3541C000D27C96 /* Text+CustomStyles.swift in Sources */,
			);
			runOnlyForDeploymentPostprocessing = 0;
		};
		12D961342AD491D100CD25D5 /* Sources */ = {
			isa = PBXSourcesBuildPhase;
			buildActionMask = 2147483647;
			files = (
				12949B562B96299F0040E9DE /* LiveActivitiesManager.swift in Sources */,
				128CCC442B94B89F00445540 /* TimeTrackingAttributes.swift in Sources */,
				12D9613F2AD491D100CD25D5 /* LockedInWidget.swift in Sources */,
				128CCC432B94B88800445540 /* LockedInWidgetLiveActivity.swift in Sources */,
				12D9613D2AD491D100CD25D5 /* LockedInWidgetBundle.swift in Sources */,
			);
			runOnlyForDeploymentPostprocessing = 0;
		};
/* End PBXSourcesBuildPhase section */

/* Begin PBXTargetDependency section */
		12D961442AD491D300CD25D5 /* PBXTargetDependency */ = {
			isa = PBXTargetDependency;
			target = 12D961372AD491D100CD25D5 /* LockedInWidgetExtension */;
			targetProxy = 12D961432AD491D300CD25D5 /* PBXContainerItemProxy */;
		};
/* End PBXTargetDependency section */

/* Begin XCBuildConfiguration section */
		12463D9A2BD7F1FA00B67AC9 /* Debug */ = {
			isa = XCBuildConfiguration;
			buildSettings = {
				ASSETCATALOG_COMPILER_APPICON_NAME = AppIcon;
				ASSETCATALOG_COMPILER_GLOBAL_ACCENT_COLOR_NAME = AccentColor;
				CODE_SIGN_ENTITLEMENTS = MacLockedIn/MacLockedIn.entitlements;
				CODE_SIGN_STYLE = Automatic;
				COMBINE_HIDPI_IMAGES = YES;
				CURRENT_PROJECT_VERSION = 1;
				DEVELOPMENT_ASSET_PATHS = "\"MacLockedIn/Preview Content\"";
				DEVELOPMENT_TEAM = TQ579GB38P;
				ENABLE_HARDENED_RUNTIME = YES;
				ENABLE_PREVIEWS = YES;
				GENERATE_INFOPLIST_FILE = YES;
				INFOPLIST_KEY_CFBundleDisplayName = LockedIn;
				INFOPLIST_KEY_LSApplicationCategoryType = "public.app-category.productivity";
				INFOPLIST_KEY_NSHumanReadableCopyright = "";
				LD_RUNPATH_SEARCH_PATHS = (
					"$(inherited)",
					"@executable_path/../Frameworks",
				);
				MACOSX_DEPLOYMENT_TARGET = 14.0;
				MARKETING_VERSION = 1.0;
				PRODUCT_BUNDLE_IDENTIFIER = com.matsvei.MacLockedIn;
				PRODUCT_NAME = "$(TARGET_NAME)";
				SDKROOT = macosx;
				SWIFT_EMIT_LOC_STRINGS = YES;
				SWIFT_VERSION = 5.0;
			};
			name = Debug;
		};
		12463D9B2BD7F1FA00B67AC9 /* Release */ = {
			isa = XCBuildConfiguration;
			buildSettings = {
				ASSETCATALOG_COMPILER_APPICON_NAME = AppIcon;
				ASSETCATALOG_COMPILER_GLOBAL_ACCENT_COLOR_NAME = AccentColor;
				CODE_SIGN_ENTITLEMENTS = MacLockedIn/MacLockedIn.entitlements;
				CODE_SIGN_STYLE = Automatic;
				COMBINE_HIDPI_IMAGES = YES;
				CURRENT_PROJECT_VERSION = 1;
				DEVELOPMENT_ASSET_PATHS = "\"MacLockedIn/Preview Content\"";
				DEVELOPMENT_TEAM = TQ579GB38P;
				ENABLE_HARDENED_RUNTIME = YES;
				ENABLE_PREVIEWS = YES;
				GENERATE_INFOPLIST_FILE = YES;
				INFOPLIST_KEY_CFBundleDisplayName = LockedIn;
				INFOPLIST_KEY_LSApplicationCategoryType = "public.app-category.productivity";
				INFOPLIST_KEY_NSHumanReadableCopyright = "";
				LD_RUNPATH_SEARCH_PATHS = (
					"$(inherited)",
					"@executable_path/../Frameworks",
				);
				MACOSX_DEPLOYMENT_TARGET = 14.0;
				MARKETING_VERSION = 1.0;
				PRODUCT_BUNDLE_IDENTIFIER = com.matsvei.MacLockedIn;
				PRODUCT_NAME = "$(TARGET_NAME)";
				SDKROOT = macosx;
				SWIFT_EMIT_LOC_STRINGS = YES;
				SWIFT_VERSION = 5.0;
			};
			name = Release;
		};
		12820B0B2A99A8570054DBFF /* Debug */ = {
			isa = XCBuildConfiguration;
			buildSettings = {
				ALWAYS_SEARCH_USER_PATHS = NO;
				ASSETCATALOG_COMPILER_GENERATE_SWIFT_ASSET_SYMBOL_EXTENSIONS = YES;
				CLANG_ANALYZER_NONNULL = YES;
				CLANG_ANALYZER_NUMBER_OBJECT_CONVERSION = YES_AGGRESSIVE;
				CLANG_CXX_LANGUAGE_STANDARD = "gnu++20";
				CLANG_ENABLE_MODULES = YES;
				CLANG_ENABLE_OBJC_ARC = YES;
				CLANG_ENABLE_OBJC_WEAK = YES;
				CLANG_WARN_BLOCK_CAPTURE_AUTORELEASING = YES;
				CLANG_WARN_BOOL_CONVERSION = YES;
				CLANG_WARN_COMMA = YES;
				CLANG_WARN_CONSTANT_CONVERSION = YES;
				CLANG_WARN_DEPRECATED_OBJC_IMPLEMENTATIONS = YES;
				CLANG_WARN_DIRECT_OBJC_ISA_USAGE = YES_ERROR;
				CLANG_WARN_DOCUMENTATION_COMMENTS = YES;
				CLANG_WARN_EMPTY_BODY = YES;
				CLANG_WARN_ENUM_CONVERSION = YES;
				CLANG_WARN_INFINITE_RECURSION = YES;
				CLANG_WARN_INT_CONVERSION = YES;
				CLANG_WARN_NON_LITERAL_NULL_CONVERSION = YES;
				CLANG_WARN_OBJC_IMPLICIT_RETAIN_SELF = YES;
				CLANG_WARN_OBJC_LITERAL_CONVERSION = YES;
				CLANG_WARN_OBJC_ROOT_CLASS = YES_ERROR;
				CLANG_WARN_QUOTED_INCLUDE_IN_FRAMEWORK_HEADER = YES;
				CLANG_WARN_RANGE_LOOP_ANALYSIS = YES;
				CLANG_WARN_STRICT_PROTOTYPES = YES;
				CLANG_WARN_SUSPICIOUS_MOVE = YES;
				CLANG_WARN_UNGUARDED_AVAILABILITY = YES_AGGRESSIVE;
				CLANG_WARN_UNREACHABLE_CODE = YES;
				CLANG_WARN__DUPLICATE_METHOD_MATCH = YES;
				COPY_PHASE_STRIP = NO;
				DEBUG_INFORMATION_FORMAT = dwarf;
				ENABLE_STRICT_OBJC_MSGSEND = YES;
				ENABLE_TESTABILITY = YES;
				ENABLE_USER_SCRIPT_SANDBOXING = YES;
				GCC_C_LANGUAGE_STANDARD = gnu17;
				GCC_DYNAMIC_NO_PIC = NO;
				GCC_NO_COMMON_BLOCKS = YES;
				GCC_OPTIMIZATION_LEVEL = 0;
				GCC_PREPROCESSOR_DEFINITIONS = (
					"DEBUG=1",
					"$(inherited)",
				);
				GCC_WARN_64_TO_32_BIT_CONVERSION = YES;
				GCC_WARN_ABOUT_RETURN_TYPE = YES_ERROR;
				GCC_WARN_UNDECLARED_SELECTOR = YES;
				GCC_WARN_UNINITIALIZED_AUTOS = YES_AGGRESSIVE;
				GCC_WARN_UNUSED_FUNCTION = YES;
				GCC_WARN_UNUSED_VARIABLE = YES;
				IPHONEOS_DEPLOYMENT_TARGET = 16.2;
				LOCALIZATION_PREFERS_STRING_CATALOGS = YES;
				MTL_ENABLE_DEBUG_INFO = INCLUDE_SOURCE;
				MTL_FAST_MATH = YES;
				ONLY_ACTIVE_ARCH = YES;
				SDKROOT = iphoneos;
				SWIFT_ACTIVE_COMPILATION_CONDITIONS = "DEBUG $(inherited)";
				SWIFT_OPTIMIZATION_LEVEL = "-Onone";
			};
			name = Debug;
		};
		12820B0C2A99A8570054DBFF /* Release */ = {
			isa = XCBuildConfiguration;
			buildSettings = {
				ALWAYS_SEARCH_USER_PATHS = NO;
				ASSETCATALOG_COMPILER_GENERATE_SWIFT_ASSET_SYMBOL_EXTENSIONS = YES;
				CLANG_ANALYZER_NONNULL = YES;
				CLANG_ANALYZER_NUMBER_OBJECT_CONVERSION = YES_AGGRESSIVE;
				CLANG_CXX_LANGUAGE_STANDARD = "gnu++20";
				CLANG_ENABLE_MODULES = YES;
				CLANG_ENABLE_OBJC_ARC = YES;
				CLANG_ENABLE_OBJC_WEAK = YES;
				CLANG_WARN_BLOCK_CAPTURE_AUTORELEASING = YES;
				CLANG_WARN_BOOL_CONVERSION = YES;
				CLANG_WARN_COMMA = YES;
				CLANG_WARN_CONSTANT_CONVERSION = YES;
				CLANG_WARN_DEPRECATED_OBJC_IMPLEMENTATIONS = YES;
				CLANG_WARN_DIRECT_OBJC_ISA_USAGE = YES_ERROR;
				CLANG_WARN_DOCUMENTATION_COMMENTS = YES;
				CLANG_WARN_EMPTY_BODY = YES;
				CLANG_WARN_ENUM_CONVERSION = YES;
				CLANG_WARN_INFINITE_RECURSION = YES;
				CLANG_WARN_INT_CONVERSION = YES;
				CLANG_WARN_NON_LITERAL_NULL_CONVERSION = YES;
				CLANG_WARN_OBJC_IMPLICIT_RETAIN_SELF = YES;
				CLANG_WARN_OBJC_LITERAL_CONVERSION = YES;
				CLANG_WARN_OBJC_ROOT_CLASS = YES_ERROR;
				CLANG_WARN_QUOTED_INCLUDE_IN_FRAMEWORK_HEADER = YES;
				CLANG_WARN_RANGE_LOOP_ANALYSIS = YES;
				CLANG_WARN_STRICT_PROTOTYPES = YES;
				CLANG_WARN_SUSPICIOUS_MOVE = YES;
				CLANG_WARN_UNGUARDED_AVAILABILITY = YES_AGGRESSIVE;
				CLANG_WARN_UNREACHABLE_CODE = YES;
				CLANG_WARN__DUPLICATE_METHOD_MATCH = YES;
				COPY_PHASE_STRIP = NO;
				DEBUG_INFORMATION_FORMAT = "dwarf-with-dsym";
				ENABLE_NS_ASSERTIONS = NO;
				ENABLE_STRICT_OBJC_MSGSEND = YES;
				ENABLE_USER_SCRIPT_SANDBOXING = YES;
				GCC_C_LANGUAGE_STANDARD = gnu17;
				GCC_NO_COMMON_BLOCKS = YES;
				GCC_WARN_64_TO_32_BIT_CONVERSION = YES;
				GCC_WARN_ABOUT_RETURN_TYPE = YES_ERROR;
				GCC_WARN_UNDECLARED_SELECTOR = YES;
				GCC_WARN_UNINITIALIZED_AUTOS = YES_AGGRESSIVE;
				GCC_WARN_UNUSED_FUNCTION = YES;
				GCC_WARN_UNUSED_VARIABLE = YES;
				IPHONEOS_DEPLOYMENT_TARGET = 16.2;
				LOCALIZATION_PREFERS_STRING_CATALOGS = YES;
				MTL_ENABLE_DEBUG_INFO = NO;
				MTL_FAST_MATH = YES;
				SDKROOT = iphoneos;
				SWIFT_COMPILATION_MODE = wholemodule;
				VALIDATE_PRODUCT = YES;
			};
			name = Release;
		};
		12820B0E2A99A8570054DBFF /* Debug */ = {
			isa = XCBuildConfiguration;
			buildSettings = {
				ALLOW_TARGET_PLATFORM_SPECIALIZATION = YES;
				ALWAYS_EMBED_SWIFT_STANDARD_LIBRARIES = YES;
				ASSETCATALOG_COMPILER_APPICON_NAME = AppIcon;
				ASSETCATALOG_COMPILER_GLOBAL_ACCENT_COLOR_NAME = AccentColor;
				CODE_SIGN_ENTITLEMENTS = LockedIn/LockedIn.entitlements;
				CODE_SIGN_IDENTITY = "Apple Development";
				CODE_SIGN_STYLE = Automatic;
				CURRENT_PROJECT_VERSION = 1;
				DEVELOPMENT_ASSET_PATHS = "\"LockedIn/Preview Content\"";
				DEVELOPMENT_TEAM = TQ579GB38P;
				ENABLE_PREVIEWS = YES;
				GENERATE_INFOPLIST_FILE = YES;
				INFOPLIST_FILE = LockedIn/Info.plist;
				INFOPLIST_KEY_CFBundleDisplayName = LockedIn;
				INFOPLIST_KEY_LSApplicationCategoryType = "public.app-category.productivity";
				INFOPLIST_KEY_NSHealthShareUsageDescription = "Please allow access to let LockedIn to save your Focus duration to Mindful Minutes in Apple Health.";
				INFOPLIST_KEY_NSHealthUpdateUsageDescription = "LockedIn will save the duration of your Focus to Mindful Minutes in Apple Health.";
				INFOPLIST_KEY_NSSupportsLiveActivities = YES;
				INFOPLIST_KEY_UIApplicationSceneManifest_Generation = YES;
				INFOPLIST_KEY_UIApplicationSupportsIndirectInputEvents = YES;
				INFOPLIST_KEY_UILaunchScreen_Generation = YES;
				INFOPLIST_KEY_UIStatusBarHidden = YES;
				INFOPLIST_KEY_UIStatusBarStyle = UIStatusBarStyleDarkContent;
				INFOPLIST_KEY_UISupportedInterfaceOrientations = UIInterfaceOrientationPortrait;
				INFOPLIST_KEY_UISupportedInterfaceOrientations_iPad = "UIInterfaceOrientationLandscapeLeft UIInterfaceOrientationLandscapeRight UIInterfaceOrientationPortrait UIInterfaceOrientationPortraitUpsideDown";
				IPHONEOS_DEPLOYMENT_TARGET = 16.2;
				LD_RUNPATH_SEARCH_PATHS = (
					"$(inherited)",
					"@executable_path/Frameworks",
				);
				MARKETING_VERSION = 1.24;
				PRODUCT_BUNDLE_IDENTIFIER = com.matsvei.MindfulPause;
				PRODUCT_NAME = "$(TARGET_NAME)";
				PROVISIONING_PROFILE_SPECIFIER = "";
				SUPPORTED_PLATFORMS = "iphoneos iphonesimulator";
				SUPPORTS_MACCATALYST = NO;
				SUPPORTS_MAC_DESIGNED_FOR_IPHONE_IPAD = NO;
				SUPPORTS_XR_DESIGNED_FOR_IPHONE_IPAD = YES;
				SWIFT_EMIT_LOC_STRINGS = YES;
				SWIFT_VERSION = 5.0;
				TARGETED_DEVICE_FAMILY = "1,2";
			};
			name = Debug;
		};
		12820B0F2A99A8570054DBFF /* Release */ = {
			isa = XCBuildConfiguration;
			buildSettings = {
				ALLOW_TARGET_PLATFORM_SPECIALIZATION = YES;
				ALWAYS_EMBED_SWIFT_STANDARD_LIBRARIES = YES;
				ASSETCATALOG_COMPILER_APPICON_NAME = AppIcon;
				ASSETCATALOG_COMPILER_GLOBAL_ACCENT_COLOR_NAME = AccentColor;
				CODE_SIGN_ENTITLEMENTS = LockedIn/LockedIn.entitlements;
				CODE_SIGN_IDENTITY = "Apple Development";
				CODE_SIGN_STYLE = Automatic;
				CURRENT_PROJECT_VERSION = 1;
				DEVELOPMENT_ASSET_PATHS = "\"LockedIn/Preview Content\"";
				DEVELOPMENT_TEAM = TQ579GB38P;
				ENABLE_PREVIEWS = YES;
				GENERATE_INFOPLIST_FILE = YES;
				INFOPLIST_FILE = LockedIn/Info.plist;
				INFOPLIST_KEY_CFBundleDisplayName = LockedIn;
				INFOPLIST_KEY_LSApplicationCategoryType = "public.app-category.productivity";
				INFOPLIST_KEY_NSHealthShareUsageDescription = "Please allow access to let LockedIn to save your Focus duration to Mindful Minutes in Apple Health.";
				INFOPLIST_KEY_NSHealthUpdateUsageDescription = "LockedIn will save the duration of your Focus to Mindful Minutes in Apple Health.";
				INFOPLIST_KEY_NSSupportsLiveActivities = YES;
				INFOPLIST_KEY_UIApplicationSceneManifest_Generation = YES;
				INFOPLIST_KEY_UIApplicationSupportsIndirectInputEvents = YES;
				INFOPLIST_KEY_UILaunchScreen_Generation = YES;
				INFOPLIST_KEY_UIStatusBarHidden = YES;
				INFOPLIST_KEY_UIStatusBarStyle = UIStatusBarStyleDarkContent;
				INFOPLIST_KEY_UISupportedInterfaceOrientations = UIInterfaceOrientationPortrait;
				INFOPLIST_KEY_UISupportedInterfaceOrientations_iPad = "UIInterfaceOrientationLandscapeLeft UIInterfaceOrientationLandscapeRight UIInterfaceOrientationPortrait UIInterfaceOrientationPortraitUpsideDown";
				IPHONEOS_DEPLOYMENT_TARGET = 16.2;
				LD_RUNPATH_SEARCH_PATHS = (
					"$(inherited)",
					"@executable_path/Frameworks",
				);
				MARKETING_VERSION = 1.24;
				PRODUCT_BUNDLE_IDENTIFIER = com.matsvei.MindfulPause;
				PRODUCT_NAME = "$(TARGET_NAME)";
				PROVISIONING_PROFILE_SPECIFIER = "";
				SUPPORTED_PLATFORMS = "iphoneos iphonesimulator";
				SUPPORTS_MACCATALYST = NO;
				SUPPORTS_MAC_DESIGNED_FOR_IPHONE_IPAD = NO;
				SUPPORTS_XR_DESIGNED_FOR_IPHONE_IPAD = YES;
				SWIFT_EMIT_LOC_STRINGS = YES;
				SWIFT_VERSION = 5.0;
				TARGETED_DEVICE_FAMILY = "1,2";
			};
			name = Release;
		};
		12D961472AD491D300CD25D5 /* Debug */ = {
			isa = XCBuildConfiguration;
			buildSettings = {
				ASSETCATALOG_COMPILER_GLOBAL_ACCENT_COLOR_NAME = AccentColor;
				ASSETCATALOG_COMPILER_WIDGET_BACKGROUND_COLOR_NAME = WidgetBackground;
				CODE_SIGN_IDENTITY = "Apple Development";
				CODE_SIGN_STYLE = Automatic;
				CURRENT_PROJECT_VERSION = 1;
				DEVELOPMENT_TEAM = TQ579GB38P;
				GENERATE_INFOPLIST_FILE = YES;
				INFOPLIST_FILE = LockedInWidget/Info.plist;
				INFOPLIST_KEY_CFBundleDisplayName = LockedInWidget;
				INFOPLIST_KEY_NSHumanReadableCopyright = "";
				INFOPLIST_KEY_NSSupportsLiveActivities = YES;
				IPHONEOS_DEPLOYMENT_TARGET = 16.2;
				LD_RUNPATH_SEARCH_PATHS = (
					"$(inherited)",
					"@executable_path/Frameworks",
					"@executable_path/../../Frameworks",
				);
				MARKETING_VERSION = 1.24;
				PRODUCT_BUNDLE_IDENTIFIER = com.matsvei.MindfulPause.LockedInWidget;
				PRODUCT_NAME = "$(TARGET_NAME)";
				SKIP_INSTALL = YES;
				SUPPORTED_PLATFORMS = "iphoneos iphonesimulator";
				SUPPORTS_MACCATALYST = NO;
				SUPPORTS_MAC_DESIGNED_FOR_IPHONE_IPAD = NO;
				SUPPORTS_XR_DESIGNED_FOR_IPHONE_IPAD = NO;
				SWIFT_EMIT_LOC_STRINGS = YES;
				SWIFT_VERSION = 5.0;
				TARGETED_DEVICE_FAMILY = 1;
			};
			name = Debug;
		};
		12D961482AD491D300CD25D5 /* Release */ = {
			isa = XCBuildConfiguration;
			buildSettings = {
				ASSETCATALOG_COMPILER_GLOBAL_ACCENT_COLOR_NAME = AccentColor;
				ASSETCATALOG_COMPILER_WIDGET_BACKGROUND_COLOR_NAME = WidgetBackground;
				CODE_SIGN_IDENTITY = "Apple Development";
				CODE_SIGN_STYLE = Automatic;
				CURRENT_PROJECT_VERSION = 1;
				DEVELOPMENT_TEAM = TQ579GB38P;
				GENERATE_INFOPLIST_FILE = YES;
				INFOPLIST_FILE = LockedInWidget/Info.plist;
				INFOPLIST_KEY_CFBundleDisplayName = LockedInWidget;
				INFOPLIST_KEY_NSHumanReadableCopyright = "";
				INFOPLIST_KEY_NSSupportsLiveActivities = YES;
				IPHONEOS_DEPLOYMENT_TARGET = 16.2;
				LD_RUNPATH_SEARCH_PATHS = (
					"$(inherited)",
					"@executable_path/Frameworks",
					"@executable_path/../../Frameworks",
				);
				MARKETING_VERSION = 1.24;
				PRODUCT_BUNDLE_IDENTIFIER = com.matsvei.MindfulPause.LockedInWidget;
				PRODUCT_NAME = "$(TARGET_NAME)";
				SKIP_INSTALL = YES;
				SUPPORTED_PLATFORMS = "iphoneos iphonesimulator";
				SUPPORTS_MACCATALYST = NO;
				SUPPORTS_MAC_DESIGNED_FOR_IPHONE_IPAD = NO;
				SUPPORTS_XR_DESIGNED_FOR_IPHONE_IPAD = NO;
				SWIFT_EMIT_LOC_STRINGS = YES;
				SWIFT_VERSION = 5.0;
				TARGETED_DEVICE_FAMILY = 1;
			};
			name = Release;
		};
/* End XCBuildConfiguration section */

/* Begin XCConfigurationList section */
		12463D992BD7F1FA00B67AC9 /* Build configuration list for PBXNativeTarget "MacLockedIn" */ = {
			isa = XCConfigurationList;
			buildConfigurations = (
				12463D9A2BD7F1FA00B67AC9 /* Debug */,
				12463D9B2BD7F1FA00B67AC9 /* Release */,
			);
			defaultConfigurationIsVisible = 0;
			defaultConfigurationName = Release;
		};
		12820AFA2A99A8550054DBFF /* Build configuration list for PBXProject "LockedIn" */ = {
			isa = XCConfigurationList;
			buildConfigurations = (
				12820B0B2A99A8570054DBFF /* Debug */,
				12820B0C2A99A8570054DBFF /* Release */,
			);
			defaultConfigurationIsVisible = 0;
			defaultConfigurationName = Release;
		};
		12820B0D2A99A8570054DBFF /* Build configuration list for PBXNativeTarget "LockedIn" */ = {
			isa = XCConfigurationList;
			buildConfigurations = (
				12820B0E2A99A8570054DBFF /* Debug */,
				12820B0F2A99A8570054DBFF /* Release */,
			);
			defaultConfigurationIsVisible = 0;
			defaultConfigurationName = Release;
		};
		12D961462AD491D300CD25D5 /* Build configuration list for PBXNativeTarget "LockedInWidgetExtension" */ = {
			isa = XCConfigurationList;
			buildConfigurations = (
				12D961472AD491D300CD25D5 /* Debug */,
				12D961482AD491D300CD25D5 /* Release */,
			);
			defaultConfigurationIsVisible = 0;
			defaultConfigurationName = Release;
		};
/* End XCConfigurationList section */
	};
	rootObject = 12820AF72A99A8550054DBFF /* Project object */;
}
